{
  "version": 4,
  "terraform_version": "1.9.7",
  "serial": 1359,
  "lineage": "8644641f-a7ca-baa4-55a7-fc2b02258df1",
  "outputs": {
    "resource_groups": {
      "value": {
        "region1": {
          "location": "westus",
          "name": "170483226-s24-region1"
        },
        "region2": {
          "location": "westeurope",
          "name": "170483226-s24-region2"
        },
        "region3": {
          "location": "eastus",
          "name": "170483226-s24-region3"
        }
      },
      "type": [
        "object",
        {
          "region1": [
            "object",
            {
              "location": "string",
              "name": "string"
            }
          ],
          "region2": [
            "object",
            {
              "location": "string",
              "name": "string"
            }
          ],
          "region3": [
            "object",
            {
              "location": "string",
              "name": "string"
            }
          ]
        }
      ]
    }
  },
  "resources": [
    {
      "mode": "managed",
      "type": "azurerm_resource_group",
      "name": "regions",
      "provider": "provider[\"registry.terraform.io/hashicorp/azurerm\"]",
      "instances": [
        {
          "index_key": "region1",
          "schema_version": 0,
          "attributes": {
            "id": "/subscriptions/5dea7a5a-782a-496e-a5a1-487c16ba6a34/resourceGroups/170483226-s24-region1",
            "location": "westus",
            "managed_by": "",
            "name": "170483226-s24-region1",
            "tags": {},
            "timeouts": null
          },
          "sensitive_attributes": [],
          "private": "eyJlMmJmYjczMC1lY2FhLTExZTYtOGY4OC0zNDM2M2JjN2M0YzAiOnsiY3JlYXRlIjo1NDAwMDAwMDAwMDAwLCJkZWxldGUiOjU0MDAwMDAwMDAwMDAsInJlYWQiOjMwMDAwMDAwMDAwMCwidXBkYXRlIjo1NDAwMDAwMDAwMDAwfX0="
        },
        {
          "index_key": "region2",
          "schema_version": 0,
          "attributes": {
            "id": "/subscriptions/5dea7a5a-782a-496e-a5a1-487c16ba6a34/resourceGroups/170483226-s24-region2",
            "location": "westeurope",
            "managed_by": "",
            "name": "170483226-s24-region2",
            "tags": {},
            "timeouts": null
          },
          "sensitive_attributes": [],
          "private": "eyJlMmJmYjczMC1lY2FhLTExZTYtOGY4OC0zNDM2M2JjN2M0YzAiOnsiY3JlYXRlIjo1NDAwMDAwMDAwMDAwLCJkZWxldGUiOjU0MDAwMDAwMDAwMDAsInJlYWQiOjMwMDAwMDAwMDAwMCwidXBkYXRlIjo1NDAwMDAwMDAwMDAwfX0="
        },
        {
          "index_key": "region3",
          "schema_version": 0,
          "attributes": {
            "id": "/subscriptions/5dea7a5a-782a-496e-a5a1-487c16ba6a34/resourceGroups/170483226-s24-region3",
            "location": "eastus",
            "managed_by": "",
            "name": "170483226-s24-region3",
            "tags": {},
            "timeouts": null
          },
          "sensitive_attributes": [],
          "private": "eyJlMmJmYjczMC1lY2FhLTExZTYtOGY4OC0zNDM2M2JjN2M0YzAiOnsiY3JlYXRlIjo1NDAwMDAwMDAwMDAwLCJkZWxldGUiOjU0MDAwMDAwMDAwMDAsInJlYWQiOjMwMDAwMDAwMDAwMCwidXBkYXRlIjo1NDAwMDAwMDAwMDAwfX0="
        }
      ]
    },
    {
      "module": "module.lbalancers",
      "mode": "managed",
      "type": "azurerm_lb",
      "name": "westeu_lb",
      "provider": "provider[\"registry.terraform.io/hashicorp/azurerm\"]",
      "instances": [
        {
          "schema_version": 0,
          "attributes": {
            "edge_zone": "",
            "frontend_ip_configuration": [
              {
                "gateway_load_balancer_frontend_ip_configuration_id": "",
                "id": "/subscriptions/5dea7a5a-782a-496e-a5a1-487c16ba6a34/resourceGroups/170483226-s24-region2/providers/Microsoft.Network/loadBalancers/170483226-weu-lb/frontendIPConfigurations/westeu-frontend",
                "inbound_nat_rules": [],
                "load_balancer_rules": [],
                "name": "westeu-frontend",
                "outbound_rules": [],
                "private_ip_address": "",
                "private_ip_address_allocation": "Dynamic",
                "private_ip_address_version": "",
                "public_ip_address_id": "/subscriptions/5dea7a5a-782a-496e-a5a1-487c16ba6a34/resourceGroups/170483226-s24-region2/providers/Microsoft.Network/publicIPAddresses/170483226-dc-weu-lb-pip",
                "public_ip_prefix_id": "",
                "subnet_id": "",
                "zones": null
              }
            ],
            "id": "/subscriptions/5dea7a5a-782a-496e-a5a1-487c16ba6a34/resourceGroups/170483226-s24-region2/providers/Microsoft.Network/loadBalancers/170483226-weu-lb",
            "location": "westeurope",
            "name": "170483226-weu-lb",
            "private_ip_address": "",
            "private_ip_addresses": [],
            "resource_group_name": "170483226-s24-region2",
            "sku": "Standard",
            "sku_tier": "Regional",
            "tags": null,
            "timeouts": null
          },
          "sensitive_attributes": [],
          "private": "eyJlMmJmYjczMC1lY2FhLTExZTYtOGY4OC0zNDM2M2JjN2M0YzAiOnsiY3JlYXRlIjoxODAwMDAwMDAwMDAwLCJkZWxldGUiOjE4MDAwMDAwMDAwMDAsInJlYWQiOjMwMDAwMDAwMDAwMCwidXBkYXRlIjoxODAwMDAwMDAwMDAwfX0=",
          "dependencies": [
            "azurerm_resource_group.regions",
            "module.lbalancers.azurerm_public_ip.westeu_lb_pip"
          ]
        }
      ]
    },
    {
      "module": "module.lbalancers",
      "mode": "managed",
      "type": "azurerm_lb",
      "name": "westus_lb",
      "provider": "provider[\"registry.terraform.io/hashicorp/azurerm\"]",
      "instances": [
        {
          "schema_version": 0,
          "attributes": {
            "edge_zone": "",
            "frontend_ip_configuration": [
              {
                "gateway_load_balancer_frontend_ip_configuration_id": "",
                "id": "/subscriptions/5dea7a5a-782a-496e-a5a1-487c16ba6a34/resourceGroups/170483226-s24-region1/providers/Microsoft.Network/loadBalancers/170483226-wus-lb/frontendIPConfigurations/westus-frontend",
                "inbound_nat_rules": [],
                "load_balancer_rules": [],
                "name": "westus-frontend",
                "outbound_rules": [],
                "private_ip_address": "",
                "private_ip_address_allocation": "Dynamic",
                "private_ip_address_version": "",
                "public_ip_address_id": "/subscriptions/5dea7a5a-782a-496e-a5a1-487c16ba6a34/resourceGroups/170483226-s24-region1/providers/Microsoft.Network/publicIPAddresses/170483226-dc-wus-lb-pip",
                "public_ip_prefix_id": "",
                "subnet_id": "",
                "zones": null
              }
            ],
            "id": "/subscriptions/5dea7a5a-782a-496e-a5a1-487c16ba6a34/resourceGroups/170483226-s24-region1/providers/Microsoft.Network/loadBalancers/170483226-wus-lb",
            "location": "westus",
            "name": "170483226-wus-lb",
            "private_ip_address": "",
            "private_ip_addresses": [],
            "resource_group_name": "170483226-s24-region1",
            "sku": "Standard",
            "sku_tier": "Regional",
            "tags": null,
            "timeouts": null
          },
          "sensitive_attributes": [],
          "private": "eyJlMmJmYjczMC1lY2FhLTExZTYtOGY4OC0zNDM2M2JjN2M0YzAiOnsiY3JlYXRlIjoxODAwMDAwMDAwMDAwLCJkZWxldGUiOjE4MDAwMDAwMDAwMDAsInJlYWQiOjMwMDAwMDAwMDAwMCwidXBkYXRlIjoxODAwMDAwMDAwMDAwfX0=",
          "dependencies": [
            "azurerm_resource_group.regions",
            "module.lbalancers.azurerm_public_ip.westus_lb_pip"
          ]
        }
      ]
    },
    {
      "module": "module.lbalancers",
      "mode": "managed",
      "type": "azurerm_lb_backend_address_pool",
      "name": "westeurope_backend",
      "provider": "provider[\"registry.terraform.io/hashicorp/azurerm\"]",
      "instances": [
        {
          "schema_version": 0,
          "attributes": {
            "backend_ip_configurations": [],
            "id": "/subscriptions/5dea7a5a-782a-496e-a5a1-487c16ba6a34/resourceGroups/170483226-s24-region2/providers/Microsoft.Network/loadBalancers/170483226-weu-lb/backendAddressPools/westeu-backendpool",
            "inbound_nat_rules": [],
            "load_balancing_rules": [],
            "loadbalancer_id": "/subscriptions/5dea7a5a-782a-496e-a5a1-487c16ba6a34/resourceGroups/170483226-s24-region2/providers/Microsoft.Network/loadBalancers/170483226-weu-lb",
            "name": "westeu-backendpool",
            "outbound_rules": [],
            "synchronous_mode": "",
            "timeouts": null,
            "tunnel_interface": [],
            "virtual_network_id": ""
          },
          "sensitive_attributes": [],
          "private": "eyJlMmJmYjczMC1lY2FhLTExZTYtOGY4OC0zNDM2M2JjN2M0YzAiOnsiY3JlYXRlIjoxODAwMDAwMDAwMDAwLCJkZWxldGUiOjE4MDAwMDAwMDAwMDAsInJlYWQiOjMwMDAwMDAwMDAwMCwidXBkYXRlIjoxODAwMDAwMDAwMDAwfX0=",
          "dependencies": [
            "azurerm_resource_group.regions",
            "module.lbalancers.azurerm_lb.westeu_lb",
            "module.lbalancers.azurerm_public_ip.westeu_lb_pip"
          ]
        }
      ]
    },
    {
      "module": "module.lbalancers",
      "mode": "managed",
      "type": "azurerm_lb_backend_address_pool",
      "name": "westus_backend",
      "provider": "provider[\"registry.terraform.io/hashicorp/azurerm\"]",
      "instances": [
        {
          "schema_version": 0,
          "attributes": {
            "backend_ip_configurations": [],
            "id": "/subscriptions/5dea7a5a-782a-496e-a5a1-487c16ba6a34/resourceGroups/170483226-s24-region1/providers/Microsoft.Network/loadBalancers/170483226-wus-lb/backendAddressPools/westus-backendpool",
            "inbound_nat_rules": [],
            "load_balancing_rules": [],
            "loadbalancer_id": "/subscriptions/5dea7a5a-782a-496e-a5a1-487c16ba6a34/resourceGroups/170483226-s24-region1/providers/Microsoft.Network/loadBalancers/170483226-wus-lb",
            "name": "westus-backendpool",
            "outbound_rules": [],
            "synchronous_mode": "",
            "timeouts": null,
            "tunnel_interface": [],
            "virtual_network_id": ""
          },
          "sensitive_attributes": [],
          "private": "eyJlMmJmYjczMC1lY2FhLTExZTYtOGY4OC0zNDM2M2JjN2M0YzAiOnsiY3JlYXRlIjoxODAwMDAwMDAwMDAwLCJkZWxldGUiOjE4MDAwMDAwMDAwMDAsInJlYWQiOjMwMDAwMDAwMDAwMCwidXBkYXRlIjoxODAwMDAwMDAwMDAwfX0=",
          "dependencies": [
            "azurerm_resource_group.regions",
            "module.lbalancers.azurerm_lb.westus_lb",
            "module.lbalancers.azurerm_public_ip.westus_lb_pip"
          ]
        }
      ]
    },
    {
      "module": "module.lbalancers",
      "mode": "managed",
      "type": "azurerm_lb_outbound_rule",
      "name": "westeu_outbound_rule",
      "provider": "provider[\"registry.terraform.io/hashicorp/azurerm\"]",
      "instances": [
        {
          "schema_version": 0,
          "attributes": {
            "allocated_outbound_ports": 1024,
            "backend_address_pool_id": "/subscriptions/5dea7a5a-782a-496e-a5a1-487c16ba6a34/resourceGroups/170483226-s24-region2/providers/Microsoft.Network/loadBalancers/170483226-weu-lb/backendAddressPools/westeu-backendpool",
            "enable_tcp_reset": false,
            "frontend_ip_configuration": [
              {
                "id": "/subscriptions/5dea7a5a-782a-496e-a5a1-487c16ba6a34/resourceGroups/170483226-s24-region2/providers/Microsoft.Network/loadBalancers/170483226-weu-lb/frontendIPConfigurations/westeu-frontend",
                "name": "westeu-frontend"
              }
            ],
            "id": "/subscriptions/5dea7a5a-782a-496e-a5a1-487c16ba6a34/resourceGroups/170483226-s24-region2/providers/Microsoft.Network/loadBalancers/170483226-weu-lb/outboundRules/170483226-westeu-outbound-rule",
            "idle_timeout_in_minutes": 4,
            "loadbalancer_id": "/subscriptions/5dea7a5a-782a-496e-a5a1-487c16ba6a34/resourceGroups/170483226-s24-region2/providers/Microsoft.Network/loadBalancers/170483226-weu-lb",
            "name": "170483226-westeu-outbound-rule",
            "protocol": "Tcp",
            "timeouts": null
          },
          "sensitive_attributes": [],
          "private": "eyJlMmJmYjczMC1lY2FhLTExZTYtOGY4OC0zNDM2M2JjN2M0YzAiOnsiY3JlYXRlIjoxODAwMDAwMDAwMDAwLCJkZWxldGUiOjE4MDAwMDAwMDAwMDAsInJlYWQiOjMwMDAwMDAwMDAwMCwidXBkYXRlIjoxODAwMDAwMDAwMDAwfX0=",
          "dependencies": [
            "azurerm_resource_group.regions",
            "module.lbalancers.azurerm_lb.westeu_lb",
            "module.lbalancers.azurerm_lb_backend_address_pool.westeurope_backend",
            "module.lbalancers.azurerm_public_ip.westeu_lb_pip"
          ]
        }
      ]
    },
    {
      "module": "module.lbalancers",
      "mode": "managed",
      "type": "azurerm_lb_outbound_rule",
      "name": "westus_outbound_rule",
      "provider": "provider[\"registry.terraform.io/hashicorp/azurerm\"]",
      "instances": [
        {
          "schema_version": 0,
          "attributes": {
            "allocated_outbound_ports": 1024,
            "backend_address_pool_id": "/subscriptions/5dea7a5a-782a-496e-a5a1-487c16ba6a34/resourceGroups/170483226-s24-region1/providers/Microsoft.Network/loadBalancers/170483226-wus-lb/backendAddressPools/westus-backendpool",
            "enable_tcp_reset": false,
            "frontend_ip_configuration": [
              {
                "id": "/subscriptions/5dea7a5a-782a-496e-a5a1-487c16ba6a34/resourceGroups/170483226-s24-region1/providers/Microsoft.Network/loadBalancers/170483226-wus-lb/frontendIPConfigurations/westus-frontend",
                "name": "westus-frontend"
              }
            ],
            "id": "/subscriptions/5dea7a5a-782a-496e-a5a1-487c16ba6a34/resourceGroups/170483226-s24-region1/providers/Microsoft.Network/loadBalancers/170483226-wus-lb/outboundRules/170483226-westus-outbound-rule",
            "idle_timeout_in_minutes": 4,
            "loadbalancer_id": "/subscriptions/5dea7a5a-782a-496e-a5a1-487c16ba6a34/resourceGroups/170483226-s24-region1/providers/Microsoft.Network/loadBalancers/170483226-wus-lb",
            "name": "170483226-westus-outbound-rule",
            "protocol": "Tcp",
            "timeouts": null
          },
          "sensitive_attributes": [],
          "private": "eyJlMmJmYjczMC1lY2FhLTExZTYtOGY4OC0zNDM2M2JjN2M0YzAiOnsiY3JlYXRlIjoxODAwMDAwMDAwMDAwLCJkZWxldGUiOjE4MDAwMDAwMDAwMDAsInJlYWQiOjMwMDAwMDAwMDAwMCwidXBkYXRlIjoxODAwMDAwMDAwMDAwfX0=",
          "dependencies": [
            "azurerm_resource_group.regions",
            "module.lbalancers.azurerm_lb.westus_lb",
            "module.lbalancers.azurerm_lb_backend_address_pool.westus_backend",
            "module.lbalancers.azurerm_public_ip.westus_lb_pip"
          ]
        }
      ]
    },
    {
      "module": "module.lbalancers",
      "mode": "managed",
      "type": "azurerm_lb_probe",
      "name": "westeu_probe",
      "provider": "provider[\"registry.terraform.io/hashicorp/azurerm\"]",
      "instances": [
        {
          "schema_version": 0,
          "attributes": {
            "id": "/subscriptions/5dea7a5a-782a-496e-a5a1-487c16ba6a34/resourceGroups/170483226-s24-region2/providers/Microsoft.Network/loadBalancers/170483226-weu-lb/probes/170483226-weu-probe",
            "interval_in_seconds": 5,
            "load_balancer_rules": [],
            "loadbalancer_id": "/subscriptions/5dea7a5a-782a-496e-a5a1-487c16ba6a34/resourceGroups/170483226-s24-region2/providers/Microsoft.Network/loadBalancers/170483226-weu-lb",
            "name": "170483226-weu-probe",
            "number_of_probes": 2,
            "port": 80,
            "probe_threshold": 1,
            "protocol": "Http",
            "request_path": "/",
            "timeouts": null
          },
          "sensitive_attributes": [],
          "private": "eyJlMmJmYjczMC1lY2FhLTExZTYtOGY4OC0zNDM2M2JjN2M0YzAiOnsiY3JlYXRlIjoxODAwMDAwMDAwMDAwLCJkZWxldGUiOjE4MDAwMDAwMDAwMDAsInJlYWQiOjMwMDAwMDAwMDAwMCwidXBkYXRlIjoxODAwMDAwMDAwMDAwfX0=",
          "dependencies": [
            "azurerm_resource_group.regions",
            "module.lbalancers.azurerm_lb.westeu_lb",
            "module.lbalancers.azurerm_public_ip.westeu_lb_pip"
          ]
        }
      ]
    },
    {
      "module": "module.lbalancers",
      "mode": "managed",
      "type": "azurerm_lb_probe",
      "name": "westus_probe",
      "provider": "provider[\"registry.terraform.io/hashicorp/azurerm\"]",
      "instances": [
        {
          "schema_version": 0,
          "attributes": {
            "id": "/subscriptions/5dea7a5a-782a-496e-a5a1-487c16ba6a34/resourceGroups/170483226-s24-region1/providers/Microsoft.Network/loadBalancers/170483226-wus-lb/probes/170483226-wus-probe",
            "interval_in_seconds": 5,
            "load_balancer_rules": [],
            "loadbalancer_id": "/subscriptions/5dea7a5a-782a-496e-a5a1-487c16ba6a34/resourceGroups/170483226-s24-region1/providers/Microsoft.Network/loadBalancers/170483226-wus-lb",
            "name": "170483226-wus-probe",
            "number_of_probes": 2,
            "port": 80,
            "probe_threshold": 1,
            "protocol": "Http",
            "request_path": "/",
            "timeouts": null
          },
          "sensitive_attributes": [],
          "private": "eyJlMmJmYjczMC1lY2FhLTExZTYtOGY4OC0zNDM2M2JjN2M0YzAiOnsiY3JlYXRlIjoxODAwMDAwMDAwMDAwLCJkZWxldGUiOjE4MDAwMDAwMDAwMDAsInJlYWQiOjMwMDAwMDAwMDAwMCwidXBkYXRlIjoxODAwMDAwMDAwMDAwfX0=",
          "dependencies": [
            "azurerm_resource_group.regions",
            "module.lbalancers.azurerm_lb.westus_lb",
            "module.lbalancers.azurerm_public_ip.westus_lb_pip"
          ]
        }
      ]
    },
    {
      "module": "module.lbalancers",
      "mode": "managed",
      "type": "azurerm_lb_rule",
      "name": "westeu_rule",
      "provider": "provider[\"registry.terraform.io/hashicorp/azurerm\"]",
      "instances": [
        {
          "schema_version": 0,
          "attributes": {
            "backend_address_pool_ids": [
              "/subscriptions/5dea7a5a-782a-496e-a5a1-487c16ba6a34/resourceGroups/170483226-s24-region2/providers/Microsoft.Network/loadBalancers/170483226-weu-lb/backendAddressPools/westeu-backendpool"
            ],
            "backend_port": 80,
            "disable_outbound_snat": true,
            "enable_floating_ip": false,
            "enable_tcp_reset": false,
            "frontend_ip_configuration_id": "/subscriptions/5dea7a5a-782a-496e-a5a1-487c16ba6a34/resourceGroups/170483226-s24-region2/providers/Microsoft.Network/loadBalancers/170483226-weu-lb/frontendIPConfigurations/westeu-frontend",
            "frontend_ip_configuration_name": "westeu-frontend",
            "frontend_port": 80,
            "id": "/subscriptions/5dea7a5a-782a-496e-a5a1-487c16ba6a34/resourceGroups/170483226-s24-region2/providers/Microsoft.Network/loadBalancers/170483226-weu-lb/loadBalancingRules/170483226-westeu-rule-tcp",
            "idle_timeout_in_minutes": 4,
            "load_distribution": "Default",
            "loadbalancer_id": "/subscriptions/5dea7a5a-782a-496e-a5a1-487c16ba6a34/resourceGroups/170483226-s24-region2/providers/Microsoft.Network/loadBalancers/170483226-weu-lb",
            "name": "170483226-westeu-rule-tcp",
            "probe_id": "/subscriptions/5dea7a5a-782a-496e-a5a1-487c16ba6a34/resourceGroups/170483226-s24-region2/providers/Microsoft.Network/loadBalancers/170483226-weu-lb/probes/170483226-weu-probe",
            "protocol": "Tcp",
            "timeouts": null
          },
          "sensitive_attributes": [],
          "private": "eyJlMmJmYjczMC1lY2FhLTExZTYtOGY4OC0zNDM2M2JjN2M0YzAiOnsiY3JlYXRlIjoxODAwMDAwMDAwMDAwLCJkZWxldGUiOjE4MDAwMDAwMDAwMDAsInJlYWQiOjMwMDAwMDAwMDAwMCwidXBkYXRlIjoxODAwMDAwMDAwMDAwfX0=",
          "dependencies": [
            "azurerm_resource_group.regions",
            "module.lbalancers.azurerm_lb.westeu_lb",
            "module.lbalancers.azurerm_lb_backend_address_pool.westeurope_backend",
            "module.lbalancers.azurerm_lb_probe.westeu_probe",
            "module.lbalancers.azurerm_public_ip.westeu_lb_pip"
          ]
        }
      ]
    },
    {
      "module": "module.lbalancers",
      "mode": "managed",
      "type": "azurerm_lb_rule",
      "name": "westus_rule",
      "provider": "provider[\"registry.terraform.io/hashicorp/azurerm\"]",
      "instances": [
        {
          "schema_version": 0,
          "attributes": {
            "backend_address_pool_ids": [
              "/subscriptions/5dea7a5a-782a-496e-a5a1-487c16ba6a34/resourceGroups/170483226-s24-region1/providers/Microsoft.Network/loadBalancers/170483226-wus-lb/backendAddressPools/westus-backendpool"
            ],
            "backend_port": 80,
            "disable_outbound_snat": true,
            "enable_floating_ip": false,
            "enable_tcp_reset": false,
            "frontend_ip_configuration_id": "/subscriptions/5dea7a5a-782a-496e-a5a1-487c16ba6a34/resourceGroups/170483226-s24-region1/providers/Microsoft.Network/loadBalancers/170483226-wus-lb/frontendIPConfigurations/westus-frontend",
            "frontend_ip_configuration_name": "westus-frontend",
            "frontend_port": 80,
            "id": "/subscriptions/5dea7a5a-782a-496e-a5a1-487c16ba6a34/resourceGroups/170483226-s24-region1/providers/Microsoft.Network/loadBalancers/170483226-wus-lb/loadBalancingRules/170483226-westus-rule-tcp",
            "idle_timeout_in_minutes": 4,
            "load_distribution": "Default",
            "loadbalancer_id": "/subscriptions/5dea7a5a-782a-496e-a5a1-487c16ba6a34/resourceGroups/170483226-s24-region1/providers/Microsoft.Network/loadBalancers/170483226-wus-lb",
            "name": "170483226-westus-rule-tcp",
            "probe_id": "/subscriptions/5dea7a5a-782a-496e-a5a1-487c16ba6a34/resourceGroups/170483226-s24-region1/providers/Microsoft.Network/loadBalancers/170483226-wus-lb/probes/170483226-wus-probe",
            "protocol": "Tcp",
            "timeouts": null
          },
          "sensitive_attributes": [],
          "private": "eyJlMmJmYjczMC1lY2FhLTExZTYtOGY4OC0zNDM2M2JjN2M0YzAiOnsiY3JlYXRlIjoxODAwMDAwMDAwMDAwLCJkZWxldGUiOjE4MDAwMDAwMDAwMDAsInJlYWQiOjMwMDAwMDAwMDAwMCwidXBkYXRlIjoxODAwMDAwMDAwMDAwfX0=",
          "dependencies": [
            "azurerm_resource_group.regions",
            "module.lbalancers.azurerm_lb.westus_lb",
            "module.lbalancers.azurerm_lb_backend_address_pool.westus_backend",
            "module.lbalancers.azurerm_lb_probe.westus_probe",
            "module.lbalancers.azurerm_public_ip.westus_lb_pip"
          ]
        }
      ]
    },
    {
      "module": "module.lbalancers",
      "mode": "managed",
      "type": "azurerm_network_interface_backend_address_pool_association",
      "name": "westeurope_nic_lb",
      "provider": "provider[\"registry.terraform.io/hashicorp/azurerm\"]",
      "instances": [
        {
          "index_key": "westeu_nic_vm1",
          "schema_version": 0,
          "attributes": {
            "backend_address_pool_id": "/subscriptions/5dea7a5a-782a-496e-a5a1-487c16ba6a34/resourceGroups/170483226-s24-region2/providers/Microsoft.Network/loadBalancers/170483226-weu-lb/backendAddressPools/westeu-backendpool",
            "id": "/subscriptions/5dea7a5a-782a-496e-a5a1-487c16ba6a34/resourceGroups/170483226-s24-region2/providers/Microsoft.Network/networkInterfaces/170483226-westeu-nic-vm1/ipConfigurations/170483226-we-ipconfig1|/subscriptions/5dea7a5a-782a-496e-a5a1-487c16ba6a34/resourceGroups/170483226-s24-region2/providers/Microsoft.Network/loadBalancers/170483226-weu-lb/backendAddressPools/westeu-backendpool",
            "ip_configuration_name": "170483226-we-ipconfig1",
            "network_interface_id": "/subscriptions/5dea7a5a-782a-496e-a5a1-487c16ba6a34/resourceGroups/170483226-s24-region2/providers/Microsoft.Network/networkInterfaces/170483226-westeu-nic-vm1",
            "timeouts": null
          },
          "sensitive_attributes": [],
          "private": "eyJlMmJmYjczMC1lY2FhLTExZTYtOGY4OC0zNDM2M2JjN2M0YzAiOnsiY3JlYXRlIjoxODAwMDAwMDAwMDAwLCJkZWxldGUiOjE4MDAwMDAwMDAwMDAsInJlYWQiOjMwMDAwMDAwMDAwMH19",
          "dependencies": [
            "azurerm_resource_group.regions",
            "module.lbalancers.azurerm_lb.westeu_lb",
            "module.lbalancers.azurerm_lb_backend_address_pool.westeurope_backend",
            "module.lbalancers.azurerm_public_ip.westeu_lb_pip",
            "module.vnets.azurerm_network_interface.westeu_nic_pc2",
            "module.vnets.azurerm_network_interface.westeu_nic_vm1",
            "module.vnets.azurerm_network_interface.westeu_nic_vm2",
            "module.vnets.azurerm_network_interface.westus_nic_pc1",
            "module.vnets.azurerm_network_interface.westus_nic_vm1",
            "module.vnets.azurerm_network_interface.westus_nic_vm2",
            "module.vnets.azurerm_subnet.westeu_subnet",
            "module.vnets.azurerm_subnet.westus_subnet",
            "module.vnets.azurerm_virtual_network.westeurope_vnet",
            "module.vnets.azurerm_virtual_network.westus_vnet"
          ]
        },
        {
          "index_key": "westeu_nic_vm2",
          "schema_version": 0,
          "attributes": {
            "backend_address_pool_id": "/subscriptions/5dea7a5a-782a-496e-a5a1-487c16ba6a34/resourceGroups/170483226-s24-region2/providers/Microsoft.Network/loadBalancers/170483226-weu-lb/backendAddressPools/westeu-backendpool",
            "id": "/subscriptions/5dea7a5a-782a-496e-a5a1-487c16ba6a34/resourceGroups/170483226-s24-region2/providers/Microsoft.Network/networkInterfaces/170483226-westeu-nic-vm2/ipConfigurations/170483226-we-ipconfig2|/subscriptions/5dea7a5a-782a-496e-a5a1-487c16ba6a34/resourceGroups/170483226-s24-region2/providers/Microsoft.Network/loadBalancers/170483226-weu-lb/backendAddressPools/westeu-backendpool",
            "ip_configuration_name": "170483226-we-ipconfig2",
            "network_interface_id": "/subscriptions/5dea7a5a-782a-496e-a5a1-487c16ba6a34/resourceGroups/170483226-s24-region2/providers/Microsoft.Network/networkInterfaces/170483226-westeu-nic-vm2",
            "timeouts": null
          },
          "sensitive_attributes": [],
          "private": "eyJlMmJmYjczMC1lY2FhLTExZTYtOGY4OC0zNDM2M2JjN2M0YzAiOnsiY3JlYXRlIjoxODAwMDAwMDAwMDAwLCJkZWxldGUiOjE4MDAwMDAwMDAwMDAsInJlYWQiOjMwMDAwMDAwMDAwMH19",
          "dependencies": [
            "azurerm_resource_group.regions",
            "module.lbalancers.azurerm_lb.westeu_lb",
            "module.lbalancers.azurerm_lb_backend_address_pool.westeurope_backend",
            "module.lbalancers.azurerm_public_ip.westeu_lb_pip",
            "module.vnets.azurerm_network_interface.westeu_nic_pc2",
            "module.vnets.azurerm_network_interface.westeu_nic_vm1",
            "module.vnets.azurerm_network_interface.westeu_nic_vm2",
            "module.vnets.azurerm_network_interface.westus_nic_pc1",
            "module.vnets.azurerm_network_interface.westus_nic_vm1",
            "module.vnets.azurerm_network_interface.westus_nic_vm2",
            "module.vnets.azurerm_subnet.westeu_subnet",
            "module.vnets.azurerm_subnet.westus_subnet",
            "module.vnets.azurerm_virtual_network.westeurope_vnet",
            "module.vnets.azurerm_virtual_network.westus_vnet"
          ]
        }
      ]
    },
    {
      "module": "module.lbalancers",
      "mode": "managed",
      "type": "azurerm_network_interface_backend_address_pool_association",
      "name": "westus_nic_lb",
      "provider": "provider[\"registry.terraform.io/hashicorp/azurerm\"]",
      "instances": [
        {
          "index_key": "westus_nic_vm1",
          "schema_version": 0,
          "attributes": {
            "backend_address_pool_id": "/subscriptions/5dea7a5a-782a-496e-a5a1-487c16ba6a34/resourceGroups/170483226-s24-region1/providers/Microsoft.Network/loadBalancers/170483226-wus-lb/backendAddressPools/westus-backendpool",
            "id": "/subscriptions/5dea7a5a-782a-496e-a5a1-487c16ba6a34/resourceGroups/170483226-s24-region1/providers/Microsoft.Network/networkInterfaces/170483226-westus-nic-vm1/ipConfigurations/170483226-wu-ipconfig1|/subscriptions/5dea7a5a-782a-496e-a5a1-487c16ba6a34/resourceGroups/170483226-s24-region1/providers/Microsoft.Network/loadBalancers/170483226-wus-lb/backendAddressPools/westus-backendpool",
            "ip_configuration_name": "170483226-wu-ipconfig1",
            "network_interface_id": "/subscriptions/5dea7a5a-782a-496e-a5a1-487c16ba6a34/resourceGroups/170483226-s24-region1/providers/Microsoft.Network/networkInterfaces/170483226-westus-nic-vm1",
            "timeouts": null
          },
          "sensitive_attributes": [],
          "private": "eyJlMmJmYjczMC1lY2FhLTExZTYtOGY4OC0zNDM2M2JjN2M0YzAiOnsiY3JlYXRlIjoxODAwMDAwMDAwMDAwLCJkZWxldGUiOjE4MDAwMDAwMDAwMDAsInJlYWQiOjMwMDAwMDAwMDAwMH19",
          "dependencies": [
            "azurerm_resource_group.regions",
            "module.lbalancers.azurerm_lb.westus_lb",
            "module.lbalancers.azurerm_lb_backend_address_pool.westus_backend",
            "module.lbalancers.azurerm_public_ip.westus_lb_pip",
            "module.vnets.azurerm_network_interface.westeu_nic_pc2",
            "module.vnets.azurerm_network_interface.westeu_nic_vm1",
            "module.vnets.azurerm_network_interface.westeu_nic_vm2",
            "module.vnets.azurerm_network_interface.westus_nic_pc1",
            "module.vnets.azurerm_network_interface.westus_nic_vm1",
            "module.vnets.azurerm_network_interface.westus_nic_vm2",
            "module.vnets.azurerm_subnet.westeu_subnet",
            "module.vnets.azurerm_subnet.westus_subnet",
            "module.vnets.azurerm_virtual_network.westeurope_vnet",
            "module.vnets.azurerm_virtual_network.westus_vnet"
          ]
        },
        {
          "index_key": "westus_nic_vm2",
          "schema_version": 0,
          "attributes": {
            "backend_address_pool_id": "/subscriptions/5dea7a5a-782a-496e-a5a1-487c16ba6a34/resourceGroups/170483226-s24-region1/providers/Microsoft.Network/loadBalancers/170483226-wus-lb/backendAddressPools/westus-backendpool",
            "id": "/subscriptions/5dea7a5a-782a-496e-a5a1-487c16ba6a34/resourceGroups/170483226-s24-region1/providers/Microsoft.Network/networkInterfaces/170483226-westus-nic-vm2/ipConfigurations/170483226-wu-ipconfig2|/subscriptions/5dea7a5a-782a-496e-a5a1-487c16ba6a34/resourceGroups/170483226-s24-region1/providers/Microsoft.Network/loadBalancers/170483226-wus-lb/backendAddressPools/westus-backendpool",
            "ip_configuration_name": "170483226-wu-ipconfig2",
            "network_interface_id": "/subscriptions/5dea7a5a-782a-496e-a5a1-487c16ba6a34/resourceGroups/170483226-s24-region1/providers/Microsoft.Network/networkInterfaces/170483226-westus-nic-vm2",
            "timeouts": null
          },
          "sensitive_attributes": [],
          "private": "eyJlMmJmYjczMC1lY2FhLTExZTYtOGY4OC0zNDM2M2JjN2M0YzAiOnsiY3JlYXRlIjoxODAwMDAwMDAwMDAwLCJkZWxldGUiOjE4MDAwMDAwMDAwMDAsInJlYWQiOjMwMDAwMDAwMDAwMH19",
          "dependencies": [
            "azurerm_resource_group.regions",
            "module.lbalancers.azurerm_lb.westus_lb",
            "module.lbalancers.azurerm_lb_backend_address_pool.westus_backend",
            "module.lbalancers.azurerm_public_ip.westus_lb_pip",
            "module.vnets.azurerm_network_interface.westeu_nic_pc2",
            "module.vnets.azurerm_network_interface.westeu_nic_vm1",
            "module.vnets.azurerm_network_interface.westeu_nic_vm2",
            "module.vnets.azurerm_network_interface.westus_nic_pc1",
            "module.vnets.azurerm_network_interface.westus_nic_vm1",
            "module.vnets.azurerm_network_interface.westus_nic_vm2",
            "module.vnets.azurerm_subnet.westeu_subnet",
            "module.vnets.azurerm_subnet.westus_subnet",
            "module.vnets.azurerm_virtual_network.westeurope_vnet",
            "module.vnets.azurerm_virtual_network.westus_vnet"
          ]
        }
      ]
    },
    {
      "module": "module.lbalancers",
      "mode": "managed",
      "type": "azurerm_private_dns_cname_record",
      "name": "app_cname_record",
      "provider": "provider[\"registry.terraform.io/hashicorp/azurerm\"]",
      "instances": [
        {
          "schema_version": 0,
          "attributes": {
            "fqdn": "www.dchiatuiro.com.",
            "id": "/subscriptions/5dea7a5a-782a-496e-a5a1-487c16ba6a34/resourceGroups/170483226-s24-region3/providers/Microsoft.Network/privateDnsZones/dchiatuiro.com/CNAME/www",
            "name": "www",
            "record": "170483226-dctm.trafficmanager.net",
            "resource_group_name": "170483226-s24-region3",
            "tags": null,
            "timeouts": null,
            "ttl": 300,
            "zone_name": "dchiatuiro.com"
          },
          "sensitive_attributes": [],
          "private": "eyJlMmJmYjczMC1lY2FhLTExZTYtOGY4OC0zNDM2M2JjN2M0YzAiOnsiY3JlYXRlIjoxODAwMDAwMDAwMDAwLCJkZWxldGUiOjE4MDAwMDAwMDAwMDAsInJlYWQiOjMwMDAwMDAwMDAwMCwidXBkYXRlIjoxODAwMDAwMDAwMDAwfX0=",
          "dependencies": [
            "azurerm_resource_group.regions",
            "module.lbalancers.azurerm_private_dns_zone.app_dns",
            "module.lbalancers.azurerm_traffic_manager_profile.traffic_manager"
          ]
        }
      ]
    },
    {
      "module": "module.lbalancers",
      "mode": "managed",
      "type": "azurerm_private_dns_zone",
      "name": "app_dns",
      "provider": "provider[\"registry.terraform.io/hashicorp/azurerm\"]",
      "instances": [
        {
          "schema_version": 0,
          "attributes": {
            "id": "/subscriptions/5dea7a5a-782a-496e-a5a1-487c16ba6a34/resourceGroups/170483226-s24-region3/providers/Microsoft.Network/privateDnsZones/dchiatuiro.com",
            "max_number_of_record_sets": 25000,
            "max_number_of_virtual_network_links": 1000,
            "max_number_of_virtual_network_links_with_registration": 100,
            "name": "dchiatuiro.com",
            "number_of_record_sets": 1,
            "resource_group_name": "170483226-s24-region3",
            "soa_record": [
              {
                "email": "azureprivatedns-host.microsoft.com",
                "expire_time": 2419200,
                "fqdn": "dchiatuiro.com.",
                "host_name": "azureprivatedns.net",
                "minimum_ttl": 10,
                "refresh_time": 3600,
                "retry_time": 300,
                "serial_number": 1,
                "tags": {},
                "ttl": 3600
              }
            ],
            "tags": {},
            "timeouts": null
          },
          "sensitive_attributes": [],
          "private": "eyJlMmJmYjczMC1lY2FhLTExZTYtOGY4OC0zNDM2M2JjN2M0YzAiOnsiY3JlYXRlIjoxODAwMDAwMDAwMDAwLCJkZWxldGUiOjE4MDAwMDAwMDAwMDAsInJlYWQiOjMwMDAwMDAwMDAwMCwidXBkYXRlIjoxODAwMDAwMDAwMDAwfX0=",
          "dependencies": [
            "azurerm_resource_group.regions"
          ]
        }
      ]
    },
    {
      "module": "module.lbalancers",
      "mode": "managed",
      "type": "azurerm_private_dns_zone_virtual_network_link",
      "name": "vnet1_dns_link",
      "provider": "provider[\"registry.terraform.io/hashicorp/azurerm\"]",
      "instances": [
        {
          "schema_version": 0,
          "attributes": {
            "id": "/subscriptions/5dea7a5a-782a-496e-a5a1-487c16ba6a34/resourceGroups/170483226-s24-region3/providers/Microsoft.Network/privateDnsZones/dchiatuiro.com/virtualNetworkLinks/170483226-wus-dns-link",
            "name": "170483226-wus-dns-link",
            "private_dns_zone_name": "dchiatuiro.com",
            "registration_enabled": false,
            "resource_group_name": "170483226-s24-region3",
            "tags": {},
            "timeouts": null,
            "virtual_network_id": "/subscriptions/5dea7a5a-782a-496e-a5a1-487c16ba6a34/resourceGroups/170483226-s24-region1/providers/Microsoft.Network/virtualNetworks/170483226-westus-vnet"
          },
          "sensitive_attributes": [],
          "private": "eyJlMmJmYjczMC1lY2FhLTExZTYtOGY4OC0zNDM2M2JjN2M0YzAiOnsiY3JlYXRlIjoxODAwMDAwMDAwMDAwLCJkZWxldGUiOjE4MDAwMDAwMDAwMDAsInJlYWQiOjMwMDAwMDAwMDAwMCwidXBkYXRlIjoxODAwMDAwMDAwMDAwfX0=",
          "dependencies": [
            "azurerm_resource_group.regions",
            "module.lbalancers.azurerm_private_dns_zone.app_dns",
            "module.vnets.azurerm_virtual_network.westus_vnet"
          ]
        }
      ]
    },
    {
      "module": "module.lbalancers",
      "mode": "managed",
      "type": "azurerm_private_dns_zone_virtual_network_link",
      "name": "vnet2_dns_link",
      "provider": "provider[\"registry.terraform.io/hashicorp/azurerm\"]",
      "instances": [
        {
          "schema_version": 0,
          "attributes": {
            "id": "/subscriptions/5dea7a5a-782a-496e-a5a1-487c16ba6a34/resourceGroups/170483226-s24-region3/providers/Microsoft.Network/privateDnsZones/dchiatuiro.com/virtualNetworkLinks/170483226-weu-dns-link",
            "name": "170483226-weu-dns-link",
            "private_dns_zone_name": "dchiatuiro.com",
            "registration_enabled": false,
            "resource_group_name": "170483226-s24-region3",
            "tags": {},
            "timeouts": null,
            "virtual_network_id": "/subscriptions/5dea7a5a-782a-496e-a5a1-487c16ba6a34/resourceGroups/170483226-s24-region2/providers/Microsoft.Network/virtualNetworks/170483226-westeurope-vnet"
          },
          "sensitive_attributes": [],
          "private": "eyJlMmJmYjczMC1lY2FhLTExZTYtOGY4OC0zNDM2M2JjN2M0YzAiOnsiY3JlYXRlIjoxODAwMDAwMDAwMDAwLCJkZWxldGUiOjE4MDAwMDAwMDAwMDAsInJlYWQiOjMwMDAwMDAwMDAwMCwidXBkYXRlIjoxODAwMDAwMDAwMDAwfX0=",
          "dependencies": [
            "azurerm_resource_group.regions",
            "module.lbalancers.azurerm_private_dns_zone.app_dns",
            "module.vnets.azurerm_virtual_network.westeurope_vnet"
          ]
        }
      ]
    },
    {
      "module": "module.lbalancers",
      "mode": "managed",
      "type": "azurerm_public_ip",
      "name": "westeu_lb_pip",
      "provider": "provider[\"registry.terraform.io/hashicorp/azurerm\"]",
      "instances": [
        {
          "schema_version": 0,
          "attributes": {
            "allocation_method": "Static",
            "ddos_protection_mode": "VirtualNetworkInherited",
            "ddos_protection_plan_id": null,
            "domain_name_label": "dc-westeu-lbalancer",
            "edge_zone": "",
            "fqdn": "dc-westeu-lbalancer.westeurope.cloudapp.azure.com",
            "id": "/subscriptions/5dea7a5a-782a-496e-a5a1-487c16ba6a34/resourceGroups/170483226-s24-region2/providers/Microsoft.Network/publicIPAddresses/170483226-dc-weu-lb-pip",
            "idle_timeout_in_minutes": 4,
            "ip_address": "168.63.121.132",
            "ip_tags": null,
            "ip_version": "IPv4",
            "location": "westeurope",
            "name": "170483226-dc-weu-lb-pip",
            "public_ip_prefix_id": null,
            "resource_group_name": "170483226-s24-region2",
            "reverse_fqdn": "",
            "sku": "Standard",
            "sku_tier": "Regional",
            "tags": null,
            "timeouts": null,
            "zones": null
          },
          "sensitive_attributes": [],
          "private": "eyJlMmJmYjczMC1lY2FhLTExZTYtOGY4OC0zNDM2M2JjN2M0YzAiOnsiY3JlYXRlIjoxODAwMDAwMDAwMDAwLCJkZWxldGUiOjE4MDAwMDAwMDAwMDAsInJlYWQiOjMwMDAwMDAwMDAwMCwidXBkYXRlIjoxODAwMDAwMDAwMDAwfX0=",
          "dependencies": [
            "azurerm_resource_group.regions"
          ]
        }
      ]
    },
    {
      "module": "module.lbalancers",
      "mode": "managed",
      "type": "azurerm_public_ip",
      "name": "westus_lb_pip",
      "provider": "provider[\"registry.terraform.io/hashicorp/azurerm\"]",
      "instances": [
        {
          "schema_version": 0,
          "attributes": {
            "allocation_method": "Static",
            "ddos_protection_mode": "VirtualNetworkInherited",
            "ddos_protection_plan_id": null,
            "domain_name_label": "dc-westus-lbalancer",
            "edge_zone": "",
            "fqdn": "dc-westus-lbalancer.westus.cloudapp.azure.com",
            "id": "/subscriptions/5dea7a5a-782a-496e-a5a1-487c16ba6a34/resourceGroups/170483226-s24-region1/providers/Microsoft.Network/publicIPAddresses/170483226-dc-wus-lb-pip",
            "idle_timeout_in_minutes": 4,
            "ip_address": "40.86.176.61",
            "ip_tags": null,
            "ip_version": "IPv4",
            "location": "westus",
            "name": "170483226-dc-wus-lb-pip",
            "public_ip_prefix_id": null,
            "resource_group_name": "170483226-s24-region1",
            "reverse_fqdn": "",
            "sku": "Standard",
            "sku_tier": "Regional",
            "tags": null,
            "timeouts": null,
            "zones": null
          },
          "sensitive_attributes": [],
          "private": "eyJlMmJmYjczMC1lY2FhLTExZTYtOGY4OC0zNDM2M2JjN2M0YzAiOnsiY3JlYXRlIjoxODAwMDAwMDAwMDAwLCJkZWxldGUiOjE4MDAwMDAwMDAwMDAsInJlYWQiOjMwMDAwMDAwMDAwMCwidXBkYXRlIjoxODAwMDAwMDAwMDAwfX0=",
          "dependencies": [
            "azurerm_resource_group.regions"
          ]
        }
      ]
    },
    {
      "module": "module.lbalancers",
      "mode": "managed",
      "type": "azurerm_traffic_manager_azure_endpoint",
      "name": "westeurope_endpoint",
      "provider": "provider[\"registry.terraform.io/hashicorp/azurerm\"]",
      "instances": [
        {
          "schema_version": 0,
          "attributes": {
            "always_serve_enabled": false,
            "custom_header": [],
            "enabled": true,
            "geo_mappings": null,
            "id": "/subscriptions/5dea7a5a-782a-496e-a5a1-487c16ba6a34/resourceGroups/170483226-s24-region3/providers/Microsoft.Network/trafficManagerProfiles/170483226-dctm/AzureEndpoints/170483226-westeu-lb",
            "name": "170483226-westeu-lb",
            "priority": 2,
            "profile_id": "/subscriptions/5dea7a5a-782a-496e-a5a1-487c16ba6a34/resourceGroups/170483226-s24-region3/providers/Microsoft.Network/trafficManagerProfiles/170483226-dctm",
            "subnet": [],
            "target_resource_id": "/subscriptions/5dea7a5a-782a-496e-a5a1-487c16ba6a34/resourceGroups/170483226-s24-region2/providers/Microsoft.Network/publicIPAddresses/170483226-dc-weu-lb-pip",
            "timeouts": null,
            "weight": 1
          },
          "sensitive_attributes": [],
          "private": "eyJlMmJmYjczMC1lY2FhLTExZTYtOGY4OC0zNDM2M2JjN2M0YzAiOnsiY3JlYXRlIjoxODAwMDAwMDAwMDAwLCJkZWxldGUiOjE4MDAwMDAwMDAwMDAsInJlYWQiOjMwMDAwMDAwMDAwMCwidXBkYXRlIjoxODAwMDAwMDAwMDAwfX0=",
          "dependencies": [
            "azurerm_resource_group.regions",
            "module.lbalancers.azurerm_public_ip.westeu_lb_pip",
            "module.lbalancers.azurerm_traffic_manager_profile.traffic_manager"
          ]
        }
      ]
    },
    {
      "module": "module.lbalancers",
      "mode": "managed",
      "type": "azurerm_traffic_manager_azure_endpoint",
      "name": "westus_endpoint",
      "provider": "provider[\"registry.terraform.io/hashicorp/azurerm\"]",
      "instances": [
        {
          "schema_version": 0,
          "attributes": {
            "always_serve_enabled": false,
            "custom_header": [],
            "enabled": true,
            "geo_mappings": null,
            "id": "/subscriptions/5dea7a5a-782a-496e-a5a1-487c16ba6a34/resourceGroups/170483226-s24-region3/providers/Microsoft.Network/trafficManagerProfiles/170483226-dctm/AzureEndpoints/170483226-westus-lb",
            "name": "170483226-westus-lb",
            "priority": 1,
            "profile_id": "/subscriptions/5dea7a5a-782a-496e-a5a1-487c16ba6a34/resourceGroups/170483226-s24-region3/providers/Microsoft.Network/trafficManagerProfiles/170483226-dctm",
            "subnet": [],
            "target_resource_id": "/subscriptions/5dea7a5a-782a-496e-a5a1-487c16ba6a34/resourceGroups/170483226-s24-region1/providers/Microsoft.Network/publicIPAddresses/170483226-dc-wus-lb-pip",
            "timeouts": null,
            "weight": 1
          },
          "sensitive_attributes": [],
          "private": "eyJlMmJmYjczMC1lY2FhLTExZTYtOGY4OC0zNDM2M2JjN2M0YzAiOnsiY3JlYXRlIjoxODAwMDAwMDAwMDAwLCJkZWxldGUiOjE4MDAwMDAwMDAwMDAsInJlYWQiOjMwMDAwMDAwMDAwMCwidXBkYXRlIjoxODAwMDAwMDAwMDAwfX0=",
          "dependencies": [
            "azurerm_resource_group.regions",
            "module.lbalancers.azurerm_public_ip.westus_lb_pip",
            "module.lbalancers.azurerm_traffic_manager_profile.traffic_manager"
          ]
        }
      ]
    },
    {
      "module": "module.lbalancers",
      "mode": "managed",
      "type": "azurerm_traffic_manager_profile",
      "name": "traffic_manager",
      "provider": "provider[\"registry.terraform.io/hashicorp/azurerm\"]",
      "instances": [
        {
          "schema_version": 0,
          "attributes": {
            "dns_config": [
              {
                "relative_name": "170483226-dctm",
                "ttl": 100
              }
            ],
            "fqdn": "170483226-dctm.trafficmanager.net",
            "id": "/subscriptions/5dea7a5a-782a-496e-a5a1-487c16ba6a34/resourceGroups/170483226-s24-region3/providers/Microsoft.Network/trafficManagerProfiles/170483226-dctm",
            "max_return": 0,
            "monitor_config": [
              {
                "custom_header": [],
                "expected_status_code_ranges": null,
                "interval_in_seconds": 30,
                "path": "/",
                "port": 80,
                "protocol": "HTTP",
                "timeout_in_seconds": 9,
                "tolerated_number_of_failures": 3
              }
            ],
            "name": "170483226-dctm",
            "profile_status": "Enabled",
            "resource_group_name": "170483226-s24-region3",
            "tags": null,
            "timeouts": null,
            "traffic_routing_method": "Performance",
            "traffic_view_enabled": false
          },
          "sensitive_attributes": [],
          "private": "eyJlMmJmYjczMC1lY2FhLTExZTYtOGY4OC0zNDM2M2JjN2M0YzAiOnsiY3JlYXRlIjoxODAwMDAwMDAwMDAwLCJkZWxldGUiOjE4MDAwMDAwMDAwMDAsInJlYWQiOjMwMDAwMDAwMDAwMCwidXBkYXRlIjoxODAwMDAwMDAwMDAwfX0=",
          "dependencies": [
            "azurerm_resource_group.regions"
          ]
        }
      ]
    },
    {
      "module": "module.vms",
      "mode": "managed",
      "type": "azurerm_management_lock",
      "name": "do_not_delete_lock_pc",
      "provider": "provider[\"registry.terraform.io/hashicorp/azurerm\"]",
      "instances": [
        {
          "index_key": "westeu_pc",
          "schema_version": 0,
          "attributes": {
            "id": "/subscriptions/5dea7a5a-782a-496e-a5a1-487c16ba6a34/resourceGroups/170483226-s24-region2/providers/Microsoft.Compute/virtualMachines/170483226-pc2/providers/Microsoft.Authorization/locks/170483226-pc2-lock",
            "lock_level": "CanNotDelete",
            "name": "170483226-pc2-lock",
            "notes": "",
            "scope": "/subscriptions/5dea7a5a-782a-496e-a5a1-487c16ba6a34/resourceGroups/170483226-s24-region2/providers/Microsoft.Compute/virtualMachines/170483226-pc2",
            "timeouts": null
          },
          "sensitive_attributes": [],
          "private": "eyJlMmJmYjczMC1lY2FhLTExZTYtOGY4OC0zNDM2M2JjN2M0YzAiOnsiY3JlYXRlIjoxODAwMDAwMDAwMDAwLCJkZWxldGUiOjE4MDAwMDAwMDAwMDAsInJlYWQiOjMwMDAwMDAwMDAwMH19",
          "dependencies": [
            "azurerm_resource_group.regions",
            "module.vms.azurerm_windows_virtual_machine.pc",
            "module.vnets.azurerm_network_interface.westeu_nic_pc2",
            "module.vnets.azurerm_network_interface.westeu_nic_vm1",
            "module.vnets.azurerm_network_interface.westeu_nic_vm2",
            "module.vnets.azurerm_network_interface.westus_nic_pc1",
            "module.vnets.azurerm_network_interface.westus_nic_vm1",
            "module.vnets.azurerm_network_interface.westus_nic_vm2",
            "module.vnets.azurerm_subnet.westeu_subnet",
            "module.vnets.azurerm_subnet.westus_subnet",
            "module.vnets.azurerm_virtual_network.westeurope_vnet",
            "module.vnets.azurerm_virtual_network.westus_vnet"
          ]
        },
        {
          "index_key": "westus_pc",
          "schema_version": 0,
          "attributes": {
            "id": "/subscriptions/5dea7a5a-782a-496e-a5a1-487c16ba6a34/resourceGroups/170483226-s24-region1/providers/Microsoft.Compute/virtualMachines/170483226-pc1/providers/Microsoft.Authorization/locks/170483226-pc1-lock",
            "lock_level": "CanNotDelete",
            "name": "170483226-pc1-lock",
            "notes": "",
            "scope": "/subscriptions/5dea7a5a-782a-496e-a5a1-487c16ba6a34/resourceGroups/170483226-s24-region1/providers/Microsoft.Compute/virtualMachines/170483226-pc1",
            "timeouts": null
          },
          "sensitive_attributes": [],
          "private": "eyJlMmJmYjczMC1lY2FhLTExZTYtOGY4OC0zNDM2M2JjN2M0YzAiOnsiY3JlYXRlIjoxODAwMDAwMDAwMDAwLCJkZWxldGUiOjE4MDAwMDAwMDAwMDAsInJlYWQiOjMwMDAwMDAwMDAwMH19",
          "dependencies": [
            "azurerm_resource_group.regions",
            "module.vms.azurerm_windows_virtual_machine.pc",
            "module.vnets.azurerm_network_interface.westeu_nic_pc2",
            "module.vnets.azurerm_network_interface.westeu_nic_vm1",
            "module.vnets.azurerm_network_interface.westeu_nic_vm2",
            "module.vnets.azurerm_network_interface.westus_nic_pc1",
            "module.vnets.azurerm_network_interface.westus_nic_vm1",
            "module.vnets.azurerm_network_interface.westus_nic_vm2",
            "module.vnets.azurerm_subnet.westeu_subnet",
            "module.vnets.azurerm_subnet.westus_subnet",
            "module.vnets.azurerm_virtual_network.westeurope_vnet",
            "module.vnets.azurerm_virtual_network.westus_vnet"
          ]
        }
      ]
    },
    {
      "module": "module.vms",
      "mode": "managed",
      "type": "azurerm_management_lock",
      "name": "do_not_delete_lock_servers",
      "provider": "provider[\"registry.terraform.io/hashicorp/azurerm\"]",
      "instances": [
        {
          "index_key": "westeu_vm1",
          "schema_version": 0,
          "attributes": {
            "id": "/subscriptions/5dea7a5a-782a-496e-a5a1-487c16ba6a34/resourceGroups/170483226-s24-region2/providers/Microsoft.Compute/virtualMachines/170483226-we1/providers/Microsoft.Authorization/locks/170483226-we1-lock",
            "lock_level": "CanNotDelete",
            "name": "170483226-we1-lock",
            "notes": "",
            "scope": "/subscriptions/5dea7a5a-782a-496e-a5a1-487c16ba6a34/resourceGroups/170483226-s24-region2/providers/Microsoft.Compute/virtualMachines/170483226-we1",
            "timeouts": null
          },
          "sensitive_attributes": [],
          "private": "eyJlMmJmYjczMC1lY2FhLTExZTYtOGY4OC0zNDM2M2JjN2M0YzAiOnsiY3JlYXRlIjoxODAwMDAwMDAwMDAwLCJkZWxldGUiOjE4MDAwMDAwMDAwMDAsInJlYWQiOjMwMDAwMDAwMDAwMH19",
          "dependencies": [
            "azurerm_resource_group.regions",
            "module.vms.azurerm_windows_virtual_machine.vm",
            "module.vnets.azurerm_network_interface.westeu_nic_pc2",
            "module.vnets.azurerm_network_interface.westeu_nic_vm1",
            "module.vnets.azurerm_network_interface.westeu_nic_vm2",
            "module.vnets.azurerm_network_interface.westus_nic_pc1",
            "module.vnets.azurerm_network_interface.westus_nic_vm1",
            "module.vnets.azurerm_network_interface.westus_nic_vm2",
            "module.vnets.azurerm_subnet.westeu_subnet",
            "module.vnets.azurerm_subnet.westus_subnet",
            "module.vnets.azurerm_virtual_network.westeurope_vnet",
            "module.vnets.azurerm_virtual_network.westus_vnet"
          ]
        },
        {
          "index_key": "westeu_vm2",
          "schema_version": 0,
          "attributes": {
            "id": "/subscriptions/5dea7a5a-782a-496e-a5a1-487c16ba6a34/resourceGroups/170483226-s24-region2/providers/Microsoft.Compute/virtualMachines/170483226-we2/providers/Microsoft.Authorization/locks/170483226-we2-lock",
            "lock_level": "CanNotDelete",
            "name": "170483226-we2-lock",
            "notes": "",
            "scope": "/subscriptions/5dea7a5a-782a-496e-a5a1-487c16ba6a34/resourceGroups/170483226-s24-region2/providers/Microsoft.Compute/virtualMachines/170483226-we2",
            "timeouts": null
          },
          "sensitive_attributes": [],
          "private": "eyJlMmJmYjczMC1lY2FhLTExZTYtOGY4OC0zNDM2M2JjN2M0YzAiOnsiY3JlYXRlIjoxODAwMDAwMDAwMDAwLCJkZWxldGUiOjE4MDAwMDAwMDAwMDAsInJlYWQiOjMwMDAwMDAwMDAwMH19",
          "dependencies": [
            "azurerm_resource_group.regions",
            "module.vms.azurerm_windows_virtual_machine.vm",
            "module.vnets.azurerm_network_interface.westeu_nic_pc2",
            "module.vnets.azurerm_network_interface.westeu_nic_vm1",
            "module.vnets.azurerm_network_interface.westeu_nic_vm2",
            "module.vnets.azurerm_network_interface.westus_nic_pc1",
            "module.vnets.azurerm_network_interface.westus_nic_vm1",
            "module.vnets.azurerm_network_interface.westus_nic_vm2",
            "module.vnets.azurerm_subnet.westeu_subnet",
            "module.vnets.azurerm_subnet.westus_subnet",
            "module.vnets.azurerm_virtual_network.westeurope_vnet",
            "module.vnets.azurerm_virtual_network.westus_vnet"
          ]
        },
        {
          "index_key": "westus_vm1",
          "schema_version": 0,
          "attributes": {
            "id": "/subscriptions/5dea7a5a-782a-496e-a5a1-487c16ba6a34/resourceGroups/170483226-s24-region1/providers/Microsoft.Compute/virtualMachines/170483226-wu1/providers/Microsoft.Authorization/locks/170483226-wu1-lock",
            "lock_level": "CanNotDelete",
            "name": "170483226-wu1-lock",
            "notes": "",
            "scope": "/subscriptions/5dea7a5a-782a-496e-a5a1-487c16ba6a34/resourceGroups/170483226-s24-region1/providers/Microsoft.Compute/virtualMachines/170483226-wu1",
            "timeouts": null
          },
          "sensitive_attributes": [],
          "private": "eyJlMmJmYjczMC1lY2FhLTExZTYtOGY4OC0zNDM2M2JjN2M0YzAiOnsiY3JlYXRlIjoxODAwMDAwMDAwMDAwLCJkZWxldGUiOjE4MDAwMDAwMDAwMDAsInJlYWQiOjMwMDAwMDAwMDAwMH19",
          "dependencies": [
            "azurerm_resource_group.regions",
            "module.vms.azurerm_windows_virtual_machine.vm",
            "module.vnets.azurerm_network_interface.westeu_nic_pc2",
            "module.vnets.azurerm_network_interface.westeu_nic_vm1",
            "module.vnets.azurerm_network_interface.westeu_nic_vm2",
            "module.vnets.azurerm_network_interface.westus_nic_pc1",
            "module.vnets.azurerm_network_interface.westus_nic_vm1",
            "module.vnets.azurerm_network_interface.westus_nic_vm2",
            "module.vnets.azurerm_subnet.westeu_subnet",
            "module.vnets.azurerm_subnet.westus_subnet",
            "module.vnets.azurerm_virtual_network.westeurope_vnet",
            "module.vnets.azurerm_virtual_network.westus_vnet"
          ]
        },
        {
          "index_key": "westus_vm2",
          "schema_version": 0,
          "attributes": {
            "id": "/subscriptions/5dea7a5a-782a-496e-a5a1-487c16ba6a34/resourceGroups/170483226-s24-region1/providers/Microsoft.Compute/virtualMachines/170483226-wu2/providers/Microsoft.Authorization/locks/170483226-wu2-lock",
            "lock_level": "CanNotDelete",
            "name": "170483226-wu2-lock",
            "notes": "",
            "scope": "/subscriptions/5dea7a5a-782a-496e-a5a1-487c16ba6a34/resourceGroups/170483226-s24-region1/providers/Microsoft.Compute/virtualMachines/170483226-wu2",
            "timeouts": null
          },
          "sensitive_attributes": [],
          "private": "eyJlMmJmYjczMC1lY2FhLTExZTYtOGY4OC0zNDM2M2JjN2M0YzAiOnsiY3JlYXRlIjoxODAwMDAwMDAwMDAwLCJkZWxldGUiOjE4MDAwMDAwMDAwMDAsInJlYWQiOjMwMDAwMDAwMDAwMH19",
          "dependencies": [
            "azurerm_resource_group.regions",
            "module.vms.azurerm_windows_virtual_machine.vm",
            "module.vnets.azurerm_network_interface.westeu_nic_pc2",
            "module.vnets.azurerm_network_interface.westeu_nic_vm1",
            "module.vnets.azurerm_network_interface.westeu_nic_vm2",
            "module.vnets.azurerm_network_interface.westus_nic_pc1",
            "module.vnets.azurerm_network_interface.westus_nic_vm1",
            "module.vnets.azurerm_network_interface.westus_nic_vm2",
            "module.vnets.azurerm_subnet.westeu_subnet",
            "module.vnets.azurerm_subnet.westus_subnet",
            "module.vnets.azurerm_virtual_network.westeurope_vnet",
            "module.vnets.azurerm_virtual_network.westus_vnet"
          ]
        }
      ]
    },
    {
      "module": "module.vms",
      "mode": "managed",
      "type": "azurerm_windows_virtual_machine",
      "name": "pc",
      "provider": "provider[\"registry.terraform.io/hashicorp/azurerm\"]",
      "instances": [
        {
          "index_key": "westeu_pc",
          "schema_version": 0,
          "attributes": {
            "additional_capabilities": [],
            "additional_unattend_content": [],
            "admin_password": "P@55w0rd!001",
            "admin_username": "Student",
            "allow_extension_operations": true,
            "availability_set_id": "",
            "boot_diagnostics": [],
            "bypass_platform_safety_checks_on_user_schedule_enabled": false,
            "capacity_reservation_group_id": "",
            "computer_name": "170483226-pc2",
            "custom_data": null,
            "dedicated_host_group_id": "",
            "dedicated_host_id": "",
            "disk_controller_type": "SCSI",
            "edge_zone": "",
            "enable_automatic_updates": true,
            "encryption_at_host_enabled": false,
            "eviction_policy": "",
            "extensions_time_budget": "PT1H30M",
            "gallery_application": [],
            "hotpatching_enabled": false,
            "id": "/subscriptions/5dea7a5a-782a-496e-a5a1-487c16ba6a34/resourceGroups/170483226-s24-region2/providers/Microsoft.Compute/virtualMachines/170483226-pc2",
            "identity": [],
            "license_type": "",
            "location": "westeurope",
            "max_bid_price": -1,
            "name": "170483226-pc2",
            "network_interface_ids": [
              "/subscriptions/5dea7a5a-782a-496e-a5a1-487c16ba6a34/resourceGroups/170483226-s24-region2/providers/Microsoft.Network/networkInterfaces/170483226-westeu-nic-pc2"
            ],
            "os_disk": [
              {
                "caching": "ReadWrite",
                "diff_disk_settings": [],
                "disk_encryption_set_id": "",
                "disk_size_gb": 127,
                "name": "170483226-pc2-disk",
                "secure_vm_disk_encryption_set_id": "",
                "security_encryption_type": "",
                "storage_account_type": "Standard_LRS",
                "write_accelerator_enabled": false
              }
            ],
            "os_image_notification": [],
            "patch_assessment_mode": "ImageDefault",
            "patch_mode": "AutomaticByOS",
            "plan": [],
            "platform_fault_domain": -1,
            "priority": "Regular",
            "private_ip_address": "172.16.100.54",
            "private_ip_addresses": [
              "172.16.100.54"
            ],
            "provision_vm_agent": true,
            "proximity_placement_group_id": "",
            "public_ip_address": "",
            "public_ip_addresses": [],
            "reboot_setting": "",
            "resource_group_name": "170483226-s24-region2",
            "secret": [],
            "secure_boot_enabled": false,
            "size": "Standard_B2s",
            "source_image_id": "",
            "source_image_reference": [
              {
                "offer": "windows-11",
                "publisher": "MicrosoftWindowsDesktop",
                "sku": "win11-21h2-pro",
                "version": "latest"
              }
            ],
            "tags": null,
            "termination_notification": null,
            "timeouts": null,
            "timezone": "",
            "user_data": "",
            "virtual_machine_id": "90bb5de4-adf8-4cf0-a0f0-dd531f3f0342",
            "virtual_machine_scale_set_id": "",
            "vm_agent_platform_updates_enabled": false,
            "vtpm_enabled": false,
            "winrm_listener": [],
            "zone": ""
          },
          "sensitive_attributes": [
            [
              {
                "type": "get_attr",
                "value": "custom_data"
              }
            ],
            [
              {
                "type": "get_attr",
                "value": "admin_password"
              }
            ]
          ],
          "private": "eyJlMmJmYjczMC1lY2FhLTExZTYtOGY4OC0zNDM2M2JjN2M0YzAiOnsiY3JlYXRlIjoyNzAwMDAwMDAwMDAwLCJkZWxldGUiOjI3MDAwMDAwMDAwMDAsInJlYWQiOjMwMDAwMDAwMDAwMCwidXBkYXRlIjoyNzAwMDAwMDAwMDAwfX0=",
          "dependencies": [
            "azurerm_resource_group.regions",
            "module.vnets.azurerm_network_interface.westeu_nic_pc2",
            "module.vnets.azurerm_network_interface.westeu_nic_vm1",
            "module.vnets.azurerm_network_interface.westeu_nic_vm2",
            "module.vnets.azurerm_network_interface.westus_nic_pc1",
            "module.vnets.azurerm_network_interface.westus_nic_vm1",
            "module.vnets.azurerm_network_interface.westus_nic_vm2",
            "module.vnets.azurerm_subnet.westeu_subnet",
            "module.vnets.azurerm_subnet.westus_subnet",
            "module.vnets.azurerm_virtual_network.westeurope_vnet",
            "module.vnets.azurerm_virtual_network.westus_vnet"
          ]
        },
        {
          "index_key": "westus_pc",
          "schema_version": 0,
          "attributes": {
            "additional_capabilities": [],
            "additional_unattend_content": [],
            "admin_password": "P@55w0rd!001",
            "admin_username": "Student",
            "allow_extension_operations": true,
            "availability_set_id": "",
            "boot_diagnostics": [],
            "bypass_platform_safety_checks_on_user_schedule_enabled": false,
            "capacity_reservation_group_id": "",
            "computer_name": "170483226-pc1",
            "custom_data": null,
            "dedicated_host_group_id": "",
            "dedicated_host_id": "",
            "disk_controller_type": "SCSI",
            "edge_zone": "",
            "enable_automatic_updates": true,
            "encryption_at_host_enabled": false,
            "eviction_policy": "",
            "extensions_time_budget": "PT1H30M",
            "gallery_application": [],
            "hotpatching_enabled": false,
            "id": "/subscriptions/5dea7a5a-782a-496e-a5a1-487c16ba6a34/resourceGroups/170483226-s24-region1/providers/Microsoft.Compute/virtualMachines/170483226-pc1",
            "identity": [],
            "license_type": "",
            "location": "westus",
            "max_bid_price": -1,
            "name": "170483226-pc1",
            "network_interface_ids": [
              "/subscriptions/5dea7a5a-782a-496e-a5a1-487c16ba6a34/resourceGroups/170483226-s24-region1/providers/Microsoft.Network/networkInterfaces/170483226-westus-nic-pc1"
            ],
            "os_disk": [
              {
                "caching": "ReadWrite",
                "diff_disk_settings": [],
                "disk_encryption_set_id": "",
                "disk_size_gb": 127,
                "name": "170483226-pc1-disk",
                "secure_vm_disk_encryption_set_id": "",
                "security_encryption_type": "",
                "storage_account_type": "Standard_LRS",
                "write_accelerator_enabled": false
              }
            ],
            "os_image_notification": [],
            "patch_assessment_mode": "ImageDefault",
            "patch_mode": "AutomaticByOS",
            "plan": [],
            "platform_fault_domain": -1,
            "priority": "Regular",
            "private_ip_address": "172.16.100.5",
            "private_ip_addresses": [
              "172.16.100.5"
            ],
            "provision_vm_agent": true,
            "proximity_placement_group_id": "",
            "public_ip_address": "",
            "public_ip_addresses": [],
            "reboot_setting": "",
            "resource_group_name": "170483226-s24-region1",
            "secret": [],
            "secure_boot_enabled": false,
            "size": "Standard_B2s",
            "source_image_id": "",
            "source_image_reference": [
              {
                "offer": "windows-11",
                "publisher": "MicrosoftWindowsDesktop",
                "sku": "win11-21h2-pro",
                "version": "latest"
              }
            ],
            "tags": null,
            "termination_notification": null,
            "timeouts": null,
            "timezone": "",
            "user_data": "",
            "virtual_machine_id": "1d814528-a75d-4a49-96b2-94f0fc933f40",
            "virtual_machine_scale_set_id": "",
            "vm_agent_platform_updates_enabled": false,
            "vtpm_enabled": false,
            "winrm_listener": [],
            "zone": ""
          },
          "sensitive_attributes": [
            [
              {
                "type": "get_attr",
                "value": "custom_data"
              }
            ],
            [
              {
                "type": "get_attr",
                "value": "admin_password"
              }
            ]
          ],
          "private": "eyJlMmJmYjczMC1lY2FhLTExZTYtOGY4OC0zNDM2M2JjN2M0YzAiOnsiY3JlYXRlIjoyNzAwMDAwMDAwMDAwLCJkZWxldGUiOjI3MDAwMDAwMDAwMDAsInJlYWQiOjMwMDAwMDAwMDAwMCwidXBkYXRlIjoyNzAwMDAwMDAwMDAwfX0=",
          "dependencies": [
            "azurerm_resource_group.regions",
            "module.vnets.azurerm_network_interface.westeu_nic_pc2",
            "module.vnets.azurerm_network_interface.westeu_nic_vm1",
            "module.vnets.azurerm_network_interface.westeu_nic_vm2",
            "module.vnets.azurerm_network_interface.westus_nic_pc1",
            "module.vnets.azurerm_network_interface.westus_nic_vm1",
            "module.vnets.azurerm_network_interface.westus_nic_vm2",
            "module.vnets.azurerm_subnet.westeu_subnet",
            "module.vnets.azurerm_subnet.westus_subnet",
            "module.vnets.azurerm_virtual_network.westeurope_vnet",
            "module.vnets.azurerm_virtual_network.westus_vnet"
          ]
        }
      ]
    },
    {
      "module": "module.vms",
      "mode": "managed",
      "type": "azurerm_windows_virtual_machine",
      "name": "vm",
      "provider": "provider[\"registry.terraform.io/hashicorp/azurerm\"]",
      "instances": [
        {
          "index_key": "westeu_vm1",
          "schema_version": 0,
          "attributes": {
            "additional_capabilities": [],
            "additional_unattend_content": [],
            "admin_password": "P@55w0rd!001",
            "admin_username": "Student",
            "allow_extension_operations": true,
            "availability_set_id": "",
            "boot_diagnostics": [],
            "bypass_platform_safety_checks_on_user_schedule_enabled": false,
            "capacity_reservation_group_id": "",
            "computer_name": "170483226-we1",
            "custom_data": null,
            "dedicated_host_group_id": "",
            "dedicated_host_id": "",
            "disk_controller_type": "",
            "edge_zone": "",
            "enable_automatic_updates": true,
            "encryption_at_host_enabled": false,
            "eviction_policy": "",
            "extensions_time_budget": "PT1H30M",
            "gallery_application": [],
            "hotpatching_enabled": false,
            "id": "/subscriptions/5dea7a5a-782a-496e-a5a1-487c16ba6a34/resourceGroups/170483226-s24-region2/providers/Microsoft.Compute/virtualMachines/170483226-we1",
            "identity": [],
            "license_type": "",
            "location": "westeurope",
            "max_bid_price": -1,
            "name": "170483226-we1",
            "network_interface_ids": [
              "/subscriptions/5dea7a5a-782a-496e-a5a1-487c16ba6a34/resourceGroups/170483226-s24-region2/providers/Microsoft.Network/networkInterfaces/170483226-westeu-nic-vm1"
            ],
            "os_disk": [
              {
                "caching": "ReadWrite",
                "diff_disk_settings": [],
                "disk_encryption_set_id": "",
                "disk_size_gb": 127,
                "name": "170483226-we1_disk1_4158ec7d9ab84cfeb428aa166ea22357",
                "secure_vm_disk_encryption_set_id": "",
                "security_encryption_type": "",
                "storage_account_type": "Standard_LRS",
                "write_accelerator_enabled": false
              }
            ],
            "os_image_notification": [],
            "patch_assessment_mode": "ImageDefault",
            "patch_mode": "AutomaticByOS",
            "plan": [],
            "platform_fault_domain": -1,
            "priority": "Regular",
            "private_ip_address": "172.16.100.52",
            "private_ip_addresses": [
              "172.16.100.52"
            ],
            "provision_vm_agent": true,
            "proximity_placement_group_id": "",
            "public_ip_address": "",
            "public_ip_addresses": [],
            "reboot_setting": "",
            "resource_group_name": "170483226-s24-region2",
            "secret": [],
            "secure_boot_enabled": false,
            "size": "Standard_B2s",
            "source_image_id": "",
            "source_image_reference": [
              {
                "offer": "WindowsServer",
                "publisher": "MicrosoftWindowsServer",
                "sku": "2019-Datacenter",
                "version": "latest"
              }
            ],
            "tags": {},
            "termination_notification": [],
            "timeouts": null,
            "timezone": "",
            "user_data": "",
            "virtual_machine_id": "57d9a574-e78d-4728-b427-15405be219ab",
            "virtual_machine_scale_set_id": "",
            "vm_agent_platform_updates_enabled": false,
            "vtpm_enabled": false,
            "winrm_listener": [],
            "zone": ""
          },
          "sensitive_attributes": [
            [
              {
                "type": "get_attr",
                "value": "admin_password"
              }
            ],
            [
              {
                "type": "get_attr",
                "value": "custom_data"
              }
            ]
          ],
          "private": "eyJlMmJmYjczMC1lY2FhLTExZTYtOGY4OC0zNDM2M2JjN2M0YzAiOnsiY3JlYXRlIjoyNzAwMDAwMDAwMDAwLCJkZWxldGUiOjI3MDAwMDAwMDAwMDAsInJlYWQiOjMwMDAwMDAwMDAwMCwidXBkYXRlIjoyNzAwMDAwMDAwMDAwfX0=",
          "dependencies": [
            "azurerm_resource_group.regions",
            "module.vnets.azurerm_network_interface.westeu_nic_pc2",
            "module.vnets.azurerm_network_interface.westeu_nic_vm1",
            "module.vnets.azurerm_network_interface.westeu_nic_vm2",
            "module.vnets.azurerm_network_interface.westus_nic_pc1",
            "module.vnets.azurerm_network_interface.westus_nic_vm1",
            "module.vnets.azurerm_network_interface.westus_nic_vm2",
            "module.vnets.azurerm_subnet.westeu_subnet",
            "module.vnets.azurerm_subnet.westus_subnet",
            "module.vnets.azurerm_virtual_network.westeurope_vnet",
            "module.vnets.azurerm_virtual_network.westus_vnet"
          ]
        },
        {
          "index_key": "westeu_vm2",
          "schema_version": 0,
          "attributes": {
            "additional_capabilities": [],
            "additional_unattend_content": [],
            "admin_password": "P@55w0rd!001",
            "admin_username": "Student",
            "allow_extension_operations": true,
            "availability_set_id": "",
            "boot_diagnostics": [],
            "bypass_platform_safety_checks_on_user_schedule_enabled": false,
            "capacity_reservation_group_id": "",
            "computer_name": "170483226-we2",
            "custom_data": null,
            "dedicated_host_group_id": "",
            "dedicated_host_id": "",
            "disk_controller_type": "",
            "edge_zone": "",
            "enable_automatic_updates": true,
            "encryption_at_host_enabled": false,
            "eviction_policy": "",
            "extensions_time_budget": "PT1H30M",
            "gallery_application": [],
            "hotpatching_enabled": false,
            "id": "/subscriptions/5dea7a5a-782a-496e-a5a1-487c16ba6a34/resourceGroups/170483226-s24-region2/providers/Microsoft.Compute/virtualMachines/170483226-we2",
            "identity": [],
            "license_type": "",
            "location": "westeurope",
            "max_bid_price": -1,
            "name": "170483226-we2",
            "network_interface_ids": [
              "/subscriptions/5dea7a5a-782a-496e-a5a1-487c16ba6a34/resourceGroups/170483226-s24-region2/providers/Microsoft.Network/networkInterfaces/170483226-westeu-nic-vm2"
            ],
            "os_disk": [
              {
                "caching": "ReadWrite",
                "diff_disk_settings": [],
                "disk_encryption_set_id": "",
                "disk_size_gb": 127,
                "name": "170483226-we2_disk1_5924435f2cdf475493dee35ff998385b",
                "secure_vm_disk_encryption_set_id": "",
                "security_encryption_type": "",
                "storage_account_type": "Standard_LRS",
                "write_accelerator_enabled": false
              }
            ],
            "os_image_notification": [],
            "patch_assessment_mode": "ImageDefault",
            "patch_mode": "AutomaticByOS",
            "plan": [],
            "platform_fault_domain": -1,
            "priority": "Regular",
            "private_ip_address": "172.16.100.53",
            "private_ip_addresses": [
              "172.16.100.53"
            ],
            "provision_vm_agent": true,
            "proximity_placement_group_id": "",
            "public_ip_address": "",
            "public_ip_addresses": [],
            "reboot_setting": "",
            "resource_group_name": "170483226-s24-region2",
            "secret": [],
            "secure_boot_enabled": false,
            "size": "Standard_B2s",
            "source_image_id": "",
            "source_image_reference": [
              {
                "offer": "WindowsServer",
                "publisher": "MicrosoftWindowsServer",
                "sku": "2019-Datacenter",
                "version": "latest"
              }
            ],
            "tags": {},
            "termination_notification": [],
            "timeouts": null,
            "timezone": "",
            "user_data": "",
            "virtual_machine_id": "c2bda647-2a87-46f3-a0ed-bae3d37f1314",
            "virtual_machine_scale_set_id": "",
            "vm_agent_platform_updates_enabled": false,
            "vtpm_enabled": false,
            "winrm_listener": [],
            "zone": ""
          },
          "sensitive_attributes": [
            [
              {
                "type": "get_attr",
                "value": "admin_password"
              }
            ],
            [
              {
                "type": "get_attr",
                "value": "custom_data"
              }
            ]
          ],
          "private": "eyJlMmJmYjczMC1lY2FhLTExZTYtOGY4OC0zNDM2M2JjN2M0YzAiOnsiY3JlYXRlIjoyNzAwMDAwMDAwMDAwLCJkZWxldGUiOjI3MDAwMDAwMDAwMDAsInJlYWQiOjMwMDAwMDAwMDAwMCwidXBkYXRlIjoyNzAwMDAwMDAwMDAwfX0=",
          "dependencies": [
            "azurerm_resource_group.regions",
            "module.vnets.azurerm_network_interface.westeu_nic_pc2",
            "module.vnets.azurerm_network_interface.westeu_nic_vm1",
            "module.vnets.azurerm_network_interface.westeu_nic_vm2",
            "module.vnets.azurerm_network_interface.westus_nic_pc1",
            "module.vnets.azurerm_network_interface.westus_nic_vm1",
            "module.vnets.azurerm_network_interface.westus_nic_vm2",
            "module.vnets.azurerm_subnet.westeu_subnet",
            "module.vnets.azurerm_subnet.westus_subnet",
            "module.vnets.azurerm_virtual_network.westeurope_vnet",
            "module.vnets.azurerm_virtual_network.westus_vnet"
          ]
        },
        {
          "index_key": "westus_vm1",
          "schema_version": 0,
          "attributes": {
            "additional_capabilities": [],
            "additional_unattend_content": [],
            "admin_password": "P@55w0rd!001",
            "admin_username": "Student",
            "allow_extension_operations": true,
            "availability_set_id": "",
            "boot_diagnostics": [],
            "bypass_platform_safety_checks_on_user_schedule_enabled": false,
            "capacity_reservation_group_id": "",
            "computer_name": "170483226-wu1",
            "custom_data": null,
            "dedicated_host_group_id": "",
            "dedicated_host_id": "",
            "disk_controller_type": "",
            "edge_zone": "",
            "enable_automatic_updates": true,
            "encryption_at_host_enabled": false,
            "eviction_policy": "",
            "extensions_time_budget": "PT1H30M",
            "gallery_application": [],
            "hotpatching_enabled": false,
            "id": "/subscriptions/5dea7a5a-782a-496e-a5a1-487c16ba6a34/resourceGroups/170483226-s24-region1/providers/Microsoft.Compute/virtualMachines/170483226-wu1",
            "identity": [],
            "license_type": "",
            "location": "westus",
            "max_bid_price": -1,
            "name": "170483226-wu1",
            "network_interface_ids": [
              "/subscriptions/5dea7a5a-782a-496e-a5a1-487c16ba6a34/resourceGroups/170483226-s24-region1/providers/Microsoft.Network/networkInterfaces/170483226-westus-nic-vm1"
            ],
            "os_disk": [
              {
                "caching": "ReadWrite",
                "diff_disk_settings": [],
                "disk_encryption_set_id": "",
                "disk_size_gb": 127,
                "name": "170483226-wu1_disk1_8b5eab9f46c144deaa822ba600526916",
                "secure_vm_disk_encryption_set_id": "",
                "security_encryption_type": "",
                "storage_account_type": "Standard_LRS",
                "write_accelerator_enabled": false
              }
            ],
            "os_image_notification": [],
            "patch_assessment_mode": "ImageDefault",
            "patch_mode": "AutomaticByOS",
            "plan": [],
            "platform_fault_domain": -1,
            "priority": "Regular",
            "private_ip_address": "172.16.100.6",
            "private_ip_addresses": [
              "172.16.100.6"
            ],
            "provision_vm_agent": true,
            "proximity_placement_group_id": "",
            "public_ip_address": "",
            "public_ip_addresses": [],
            "reboot_setting": "",
            "resource_group_name": "170483226-s24-region1",
            "secret": [],
            "secure_boot_enabled": false,
            "size": "Standard_B2s",
            "source_image_id": "",
            "source_image_reference": [
              {
                "offer": "WindowsServer",
                "publisher": "MicrosoftWindowsServer",
                "sku": "2019-Datacenter",
                "version": "latest"
              }
            ],
            "tags": {},
            "termination_notification": [],
            "timeouts": null,
            "timezone": "",
            "user_data": "",
            "virtual_machine_id": "e47d363e-7527-469f-8a54-6d0996c8df87",
            "virtual_machine_scale_set_id": "",
            "vm_agent_platform_updates_enabled": false,
            "vtpm_enabled": false,
            "winrm_listener": [],
            "zone": ""
          },
          "sensitive_attributes": [
            [
              {
                "type": "get_attr",
                "value": "custom_data"
              }
            ],
            [
              {
                "type": "get_attr",
                "value": "admin_password"
              }
            ]
          ],
          "private": "eyJlMmJmYjczMC1lY2FhLTExZTYtOGY4OC0zNDM2M2JjN2M0YzAiOnsiY3JlYXRlIjoyNzAwMDAwMDAwMDAwLCJkZWxldGUiOjI3MDAwMDAwMDAwMDAsInJlYWQiOjMwMDAwMDAwMDAwMCwidXBkYXRlIjoyNzAwMDAwMDAwMDAwfX0=",
          "dependencies": [
            "azurerm_resource_group.regions",
            "module.vnets.azurerm_network_interface.westeu_nic_pc2",
            "module.vnets.azurerm_network_interface.westeu_nic_vm1",
            "module.vnets.azurerm_network_interface.westeu_nic_vm2",
            "module.vnets.azurerm_network_interface.westus_nic_pc1",
            "module.vnets.azurerm_network_interface.westus_nic_vm1",
            "module.vnets.azurerm_network_interface.westus_nic_vm2",
            "module.vnets.azurerm_subnet.westeu_subnet",
            "module.vnets.azurerm_subnet.westus_subnet",
            "module.vnets.azurerm_virtual_network.westeurope_vnet",
            "module.vnets.azurerm_virtual_network.westus_vnet"
          ]
        },
        {
          "index_key": "westus_vm2",
          "schema_version": 0,
          "attributes": {
            "additional_capabilities": [],
            "additional_unattend_content": [],
            "admin_password": "P@55w0rd!001",
            "admin_username": "Student",
            "allow_extension_operations": true,
            "availability_set_id": "",
            "boot_diagnostics": [],
            "bypass_platform_safety_checks_on_user_schedule_enabled": false,
            "capacity_reservation_group_id": "",
            "computer_name": "170483226-wu2",
            "custom_data": null,
            "dedicated_host_group_id": "",
            "dedicated_host_id": "",
            "disk_controller_type": "",
            "edge_zone": "",
            "enable_automatic_updates": true,
            "encryption_at_host_enabled": false,
            "eviction_policy": "",
            "extensions_time_budget": "PT1H30M",
            "gallery_application": [],
            "hotpatching_enabled": false,
            "id": "/subscriptions/5dea7a5a-782a-496e-a5a1-487c16ba6a34/resourceGroups/170483226-s24-region1/providers/Microsoft.Compute/virtualMachines/170483226-wu2",
            "identity": [],
            "license_type": "",
            "location": "westus",
            "max_bid_price": -1,
            "name": "170483226-wu2",
            "network_interface_ids": [
              "/subscriptions/5dea7a5a-782a-496e-a5a1-487c16ba6a34/resourceGroups/170483226-s24-region1/providers/Microsoft.Network/networkInterfaces/170483226-westus-nic-vm2"
            ],
            "os_disk": [
              {
                "caching": "ReadWrite",
                "diff_disk_settings": [],
                "disk_encryption_set_id": "",
                "disk_size_gb": 127,
                "name": "170483226-wu2_disk1_32f9aa3ab52b462fa09c74e7f574d247",
                "secure_vm_disk_encryption_set_id": "",
                "security_encryption_type": "",
                "storage_account_type": "Standard_LRS",
                "write_accelerator_enabled": false
              }
            ],
            "os_image_notification": [],
            "patch_assessment_mode": "ImageDefault",
            "patch_mode": "AutomaticByOS",
            "plan": [],
            "platform_fault_domain": -1,
            "priority": "Regular",
            "private_ip_address": "172.16.100.4",
            "private_ip_addresses": [
              "172.16.100.4"
            ],
            "provision_vm_agent": true,
            "proximity_placement_group_id": "",
            "public_ip_address": "",
            "public_ip_addresses": [],
            "reboot_setting": "",
            "resource_group_name": "170483226-s24-region1",
            "secret": [],
            "secure_boot_enabled": false,
            "size": "Standard_B2s",
            "source_image_id": "",
            "source_image_reference": [
              {
                "offer": "WindowsServer",
                "publisher": "MicrosoftWindowsServer",
                "sku": "2019-Datacenter",
                "version": "latest"
              }
            ],
            "tags": {},
            "termination_notification": [],
            "timeouts": null,
            "timezone": "",
            "user_data": "",
            "virtual_machine_id": "3fc5289d-a3f4-477a-a86f-e94dac4215fd",
            "virtual_machine_scale_set_id": "",
            "vm_agent_platform_updates_enabled": false,
            "vtpm_enabled": false,
            "winrm_listener": [],
            "zone": ""
          },
          "sensitive_attributes": [
            [
              {
                "type": "get_attr",
                "value": "admin_password"
              }
            ],
            [
              {
                "type": "get_attr",
                "value": "custom_data"
              }
            ]
          ],
          "private": "eyJlMmJmYjczMC1lY2FhLTExZTYtOGY4OC0zNDM2M2JjN2M0YzAiOnsiY3JlYXRlIjoyNzAwMDAwMDAwMDAwLCJkZWxldGUiOjI3MDAwMDAwMDAwMDAsInJlYWQiOjMwMDAwMDAwMDAwMCwidXBkYXRlIjoyNzAwMDAwMDAwMDAwfX0=",
          "dependencies": [
            "azurerm_resource_group.regions",
            "module.vnets.azurerm_network_interface.westeu_nic_pc2",
            "module.vnets.azurerm_network_interface.westeu_nic_vm1",
            "module.vnets.azurerm_network_interface.westeu_nic_vm2",
            "module.vnets.azurerm_network_interface.westus_nic_pc1",
            "module.vnets.azurerm_network_interface.westus_nic_vm1",
            "module.vnets.azurerm_network_interface.westus_nic_vm2",
            "module.vnets.azurerm_subnet.westeu_subnet",
            "module.vnets.azurerm_subnet.westus_subnet",
            "module.vnets.azurerm_virtual_network.westeurope_vnet",
            "module.vnets.azurerm_virtual_network.westus_vnet"
          ]
        }
      ]
    },
    {
      "module": "module.vnets",
      "mode": "managed",
      "type": "azurerm_bastion_host",
      "name": "westeurope_bastion",
      "provider": "provider[\"registry.terraform.io/hashicorp/azurerm\"]",
      "instances": [
        {
          "schema_version": 0,
          "attributes": {
            "copy_paste_enabled": true,
            "dns_name": "bst-71cbb924-8ca5-4fd1-97f6-0e34929253ed.bastion.azure.com",
            "file_copy_enabled": false,
            "id": "/subscriptions/5dea7a5a-782a-496e-a5a1-487c16ba6a34/resourceGroups/170483226-s24-region2/providers/Microsoft.Network/bastionHosts/170483226-westeu-bastion",
            "ip_configuration": [
              {
                "name": "bastion-config",
                "public_ip_address_id": "/subscriptions/5dea7a5a-782a-496e-a5a1-487c16ba6a34/resourceGroups/170483226-s24-region2/providers/Microsoft.Network/publicIPAddresses/westeurope-bastion-pip",
                "subnet_id": "/subscriptions/5dea7a5a-782a-496e-a5a1-487c16ba6a34/resourceGroups/170483226-s24-region2/providers/Microsoft.Network/virtualNetworks/170483226-westeurope-vnet/subnets/AzureBastionSubnet"
              }
            ],
            "ip_connect_enabled": false,
            "kerberos_enabled": false,
            "location": "westeurope",
            "name": "170483226-westeu-bastion",
            "resource_group_name": "170483226-s24-region2",
            "scale_units": 2,
            "shareable_link_enabled": false,
            "sku": "Basic",
            "tags": {},
            "timeouts": null,
            "tunneling_enabled": false,
            "virtual_network_id": ""
          },
          "sensitive_attributes": [],
          "private": "eyJlMmJmYjczMC1lY2FhLTExZTYtOGY4OC0zNDM2M2JjN2M0YzAiOnsiY3JlYXRlIjoxODAwMDAwMDAwMDAwLCJkZWxldGUiOjE4MDAwMDAwMDAwMDAsInJlYWQiOjMwMDAwMDAwMDAwMCwidXBkYXRlIjoxODAwMDAwMDAwMDAwfX0=",
          "dependencies": [
            "azurerm_resource_group.regions",
            "module.vnets.azurerm_public_ip.bastion_ip_westeurope",
            "module.vnets.azurerm_subnet.westeu_bastion_subnet",
            "module.vnets.azurerm_virtual_network.westeurope_vnet"
          ]
        }
      ]
    },
    {
      "module": "module.vnets",
      "mode": "managed",
      "type": "azurerm_bastion_host",
      "name": "westus_bastion",
      "provider": "provider[\"registry.terraform.io/hashicorp/azurerm\"]",
      "instances": [
        {
          "schema_version": 0,
          "attributes": {
            "copy_paste_enabled": true,
            "dns_name": "bst-728ffafd-afe2-4740-95d2-7885aab26e67.bastion.azure.com",
            "file_copy_enabled": false,
            "id": "/subscriptions/5dea7a5a-782a-496e-a5a1-487c16ba6a34/resourceGroups/170483226-s24-region1/providers/Microsoft.Network/bastionHosts/170483226-westus-bastion",
            "ip_configuration": [
              {
                "name": "bastion-config",
                "public_ip_address_id": "/subscriptions/5dea7a5a-782a-496e-a5a1-487c16ba6a34/resourceGroups/170483226-s24-region1/providers/Microsoft.Network/publicIPAddresses/westus-bastion-pip",
                "subnet_id": "/subscriptions/5dea7a5a-782a-496e-a5a1-487c16ba6a34/resourceGroups/170483226-s24-region1/providers/Microsoft.Network/virtualNetworks/170483226-westus-vnet/subnets/AzureBastionSubnet"
              }
            ],
            "ip_connect_enabled": false,
            "kerberos_enabled": false,
            "location": "westus",
            "name": "170483226-westus-bastion",
            "resource_group_name": "170483226-s24-region1",
            "scale_units": 2,
            "shareable_link_enabled": false,
            "sku": "Basic",
            "tags": {},
            "timeouts": null,
            "tunneling_enabled": false,
            "virtual_network_id": ""
          },
          "sensitive_attributes": [],
          "private": "eyJlMmJmYjczMC1lY2FhLTExZTYtOGY4OC0zNDM2M2JjN2M0YzAiOnsiY3JlYXRlIjoxODAwMDAwMDAwMDAwLCJkZWxldGUiOjE4MDAwMDAwMDAwMDAsInJlYWQiOjMwMDAwMDAwMDAwMCwidXBkYXRlIjoxODAwMDAwMDAwMDAwfX0=",
          "dependencies": [
            "azurerm_resource_group.regions",
            "module.vnets.azurerm_public_ip.bastion_ip_westus",
            "module.vnets.azurerm_subnet.westus_bastion_subnet",
            "module.vnets.azurerm_virtual_network.westus_vnet"
          ]
        }
      ]
    },
    {
      "module": "module.vnets",
      "mode": "managed",
      "type": "azurerm_network_interface",
      "name": "westeu_nic_pc2",
      "provider": "provider[\"registry.terraform.io/hashicorp/azurerm\"]",
      "instances": [
        {
          "schema_version": 0,
          "attributes": {
            "accelerated_networking_enabled": false,
            "applied_dns_servers": [],
            "auxiliary_mode": "",
            "auxiliary_sku": "",
            "dns_servers": [],
            "edge_zone": "",
            "id": "/subscriptions/5dea7a5a-782a-496e-a5a1-487c16ba6a34/resourceGroups/170483226-s24-region2/providers/Microsoft.Network/networkInterfaces/170483226-westeu-nic-pc2",
            "internal_dns_name_label": "",
            "internal_domain_name_suffix": "rzdpc20rcmve1mnuj40zuzikyc.ax.internal.cloudapp.net",
            "ip_configuration": [
              {
                "gateway_load_balancer_frontend_ip_configuration_id": "",
                "name": "ipconfig2",
                "primary": true,
                "private_ip_address": "172.16.100.54",
                "private_ip_address_allocation": "Dynamic",
                "private_ip_address_version": "IPv4",
                "public_ip_address_id": "",
                "subnet_id": "/subscriptions/5dea7a5a-782a-496e-a5a1-487c16ba6a34/resourceGroups/170483226-s24-region2/providers/Microsoft.Network/virtualNetworks/170483226-westeurope-vnet/subnets/170483226-westeu-subnet"
              }
            ],
            "ip_forwarding_enabled": false,
            "location": "westeurope",
            "mac_address": "",
            "name": "170483226-westeu-nic-pc2",
            "private_ip_address": "172.16.100.54",
            "private_ip_addresses": [
              "172.16.100.54"
            ],
            "resource_group_name": "170483226-s24-region2",
            "tags": {},
            "timeouts": null,
            "virtual_machine_id": ""
          },
          "sensitive_attributes": [],
          "private": "eyJlMmJmYjczMC1lY2FhLTExZTYtOGY4OC0zNDM2M2JjN2M0YzAiOnsiY3JlYXRlIjoxODAwMDAwMDAwMDAwLCJkZWxldGUiOjE4MDAwMDAwMDAwMDAsInJlYWQiOjMwMDAwMDAwMDAwMCwidXBkYXRlIjoxODAwMDAwMDAwMDAwfX0=",
          "dependencies": [
            "azurerm_resource_group.regions",
            "module.vnets.azurerm_subnet.westeu_subnet",
            "module.vnets.azurerm_virtual_network.westeurope_vnet"
          ]
        }
      ]
    },
    {
      "module": "module.vnets",
      "mode": "managed",
      "type": "azurerm_network_interface",
      "name": "westeu_nic_vm1",
      "provider": "provider[\"registry.terraform.io/hashicorp/azurerm\"]",
      "instances": [
        {
          "schema_version": 0,
          "attributes": {
            "accelerated_networking_enabled": false,
            "applied_dns_servers": [],
            "auxiliary_mode": "",
            "auxiliary_sku": "",
            "dns_servers": [],
            "edge_zone": "",
            "id": "/subscriptions/5dea7a5a-782a-496e-a5a1-487c16ba6a34/resourceGroups/170483226-s24-region2/providers/Microsoft.Network/networkInterfaces/170483226-westeu-nic-vm1",
            "internal_dns_name_label": "",
            "internal_domain_name_suffix": "rzdpc20rcmve1mnuj40zuzikyc.ax.internal.cloudapp.net",
            "ip_configuration": [
              {
                "gateway_load_balancer_frontend_ip_configuration_id": "",
                "name": "170483226-we-ipconfig1",
                "primary": true,
                "private_ip_address": "172.16.100.52",
                "private_ip_address_allocation": "Dynamic",
                "private_ip_address_version": "IPv4",
                "public_ip_address_id": "",
                "subnet_id": "/subscriptions/5dea7a5a-782a-496e-a5a1-487c16ba6a34/resourceGroups/170483226-s24-region2/providers/Microsoft.Network/virtualNetworks/170483226-westeurope-vnet/subnets/170483226-westeu-subnet"
              }
            ],
            "ip_forwarding_enabled": false,
            "location": "westeurope",
            "mac_address": "60-45-BD-A0-DD-E3",
            "name": "170483226-westeu-nic-vm1",
            "private_ip_address": "172.16.100.52",
            "private_ip_addresses": [
              "172.16.100.52"
            ],
            "resource_group_name": "170483226-s24-region2",
            "tags": {},
            "timeouts": null,
            "virtual_machine_id": "/subscriptions/5dea7a5a-782a-496e-a5a1-487c16ba6a34/resourceGroups/170483226-s24-region2/providers/Microsoft.Compute/virtualMachines/170483226-we1"
          },
          "sensitive_attributes": [],
          "private": "eyJlMmJmYjczMC1lY2FhLTExZTYtOGY4OC0zNDM2M2JjN2M0YzAiOnsiY3JlYXRlIjoxODAwMDAwMDAwMDAwLCJkZWxldGUiOjE4MDAwMDAwMDAwMDAsInJlYWQiOjMwMDAwMDAwMDAwMCwidXBkYXRlIjoxODAwMDAwMDAwMDAwfX0=",
          "dependencies": [
            "azurerm_resource_group.regions",
            "module.vnets.azurerm_subnet.westeu_subnet",
            "module.vnets.azurerm_virtual_network.westeurope_vnet"
          ]
        }
      ]
    },
    {
      "module": "module.vnets",
      "mode": "managed",
      "type": "azurerm_network_interface",
      "name": "westeu_nic_vm2",
      "provider": "provider[\"registry.terraform.io/hashicorp/azurerm\"]",
      "instances": [
        {
          "schema_version": 0,
          "attributes": {
            "accelerated_networking_enabled": false,
            "applied_dns_servers": [],
            "auxiliary_mode": "",
            "auxiliary_sku": "",
            "dns_servers": [],
            "edge_zone": "",
            "id": "/subscriptions/5dea7a5a-782a-496e-a5a1-487c16ba6a34/resourceGroups/170483226-s24-region2/providers/Microsoft.Network/networkInterfaces/170483226-westeu-nic-vm2",
            "internal_dns_name_label": "",
            "internal_domain_name_suffix": "rzdpc20rcmve1mnuj40zuzikyc.ax.internal.cloudapp.net",
            "ip_configuration": [
              {
                "gateway_load_balancer_frontend_ip_configuration_id": "",
                "name": "170483226-we-ipconfig2",
                "primary": true,
                "private_ip_address": "172.16.100.53",
                "private_ip_address_allocation": "Dynamic",
                "private_ip_address_version": "IPv4",
                "public_ip_address_id": "",
                "subnet_id": "/subscriptions/5dea7a5a-782a-496e-a5a1-487c16ba6a34/resourceGroups/170483226-s24-region2/providers/Microsoft.Network/virtualNetworks/170483226-westeurope-vnet/subnets/170483226-westeu-subnet"
              }
            ],
            "ip_forwarding_enabled": false,
            "location": "westeurope",
            "mac_address": "60-45-BD-8A-A0-50",
            "name": "170483226-westeu-nic-vm2",
            "private_ip_address": "172.16.100.53",
            "private_ip_addresses": [
              "172.16.100.53"
            ],
            "resource_group_name": "170483226-s24-region2",
            "tags": {},
            "timeouts": null,
            "virtual_machine_id": "/subscriptions/5dea7a5a-782a-496e-a5a1-487c16ba6a34/resourceGroups/170483226-s24-region2/providers/Microsoft.Compute/virtualMachines/170483226-we2"
          },
          "sensitive_attributes": [],
          "private": "eyJlMmJmYjczMC1lY2FhLTExZTYtOGY4OC0zNDM2M2JjN2M0YzAiOnsiY3JlYXRlIjoxODAwMDAwMDAwMDAwLCJkZWxldGUiOjE4MDAwMDAwMDAwMDAsInJlYWQiOjMwMDAwMDAwMDAwMCwidXBkYXRlIjoxODAwMDAwMDAwMDAwfX0=",
          "dependencies": [
            "azurerm_resource_group.regions",
            "module.vnets.azurerm_subnet.westeu_subnet",
            "module.vnets.azurerm_virtual_network.westeurope_vnet"
          ]
        }
      ]
    },
    {
      "module": "module.vnets",
      "mode": "managed",
      "type": "azurerm_network_interface",
      "name": "westus_nic_pc1",
      "provider": "provider[\"registry.terraform.io/hashicorp/azurerm\"]",
      "instances": [
        {
          "schema_version": 0,
          "attributes": {
            "accelerated_networking_enabled": false,
            "applied_dns_servers": [],
            "auxiliary_mode": "",
            "auxiliary_sku": "",
            "dns_servers": [],
            "edge_zone": "",
            "id": "/subscriptions/5dea7a5a-782a-496e-a5a1-487c16ba6a34/resourceGroups/170483226-s24-region1/providers/Microsoft.Network/networkInterfaces/170483226-westus-nic-pc1",
            "internal_dns_name_label": "",
            "internal_domain_name_suffix": "mqex0elrsspehlewbe2gv2lkjh.dx.internal.cloudapp.net",
            "ip_configuration": [
              {
                "gateway_load_balancer_frontend_ip_configuration_id": "",
                "name": "ipconfig1",
                "primary": true,
                "private_ip_address": "172.16.100.5",
                "private_ip_address_allocation": "Dynamic",
                "private_ip_address_version": "IPv4",
                "public_ip_address_id": "",
                "subnet_id": "/subscriptions/5dea7a5a-782a-496e-a5a1-487c16ba6a34/resourceGroups/170483226-s24-region1/providers/Microsoft.Network/virtualNetworks/170483226-westus-vnet/subnets/170483226-westus-subnet"
              }
            ],
            "ip_forwarding_enabled": false,
            "location": "westus",
            "mac_address": "",
            "name": "170483226-westus-nic-pc1",
            "private_ip_address": "172.16.100.5",
            "private_ip_addresses": [
              "172.16.100.5"
            ],
            "resource_group_name": "170483226-s24-region1",
            "tags": {},
            "timeouts": null,
            "virtual_machine_id": ""
          },
          "sensitive_attributes": [],
          "private": "eyJlMmJmYjczMC1lY2FhLTExZTYtOGY4OC0zNDM2M2JjN2M0YzAiOnsiY3JlYXRlIjoxODAwMDAwMDAwMDAwLCJkZWxldGUiOjE4MDAwMDAwMDAwMDAsInJlYWQiOjMwMDAwMDAwMDAwMCwidXBkYXRlIjoxODAwMDAwMDAwMDAwfX0=",
          "dependencies": [
            "azurerm_resource_group.regions",
            "module.vnets.azurerm_subnet.westus_subnet",
            "module.vnets.azurerm_virtual_network.westus_vnet"
          ]
        }
      ]
    },
    {
      "module": "module.vnets",
      "mode": "managed",
      "type": "azurerm_network_interface",
      "name": "westus_nic_vm1",
      "provider": "provider[\"registry.terraform.io/hashicorp/azurerm\"]",
      "instances": [
        {
          "schema_version": 0,
          "attributes": {
            "accelerated_networking_enabled": false,
            "applied_dns_servers": [],
            "auxiliary_mode": "",
            "auxiliary_sku": "",
            "dns_servers": [],
            "edge_zone": "",
            "id": "/subscriptions/5dea7a5a-782a-496e-a5a1-487c16ba6a34/resourceGroups/170483226-s24-region1/providers/Microsoft.Network/networkInterfaces/170483226-westus-nic-vm1",
            "internal_dns_name_label": "",
            "internal_domain_name_suffix": "mqex0elrsspehlewbe2gv2lkjh.dx.internal.cloudapp.net",
            "ip_configuration": [
              {
                "gateway_load_balancer_frontend_ip_configuration_id": "",
                "name": "170483226-wu-ipconfig1",
                "primary": true,
                "private_ip_address": "172.16.100.6",
                "private_ip_address_allocation": "Dynamic",
                "private_ip_address_version": "IPv4",
                "public_ip_address_id": "",
                "subnet_id": "/subscriptions/5dea7a5a-782a-496e-a5a1-487c16ba6a34/resourceGroups/170483226-s24-region1/providers/Microsoft.Network/virtualNetworks/170483226-westus-vnet/subnets/170483226-westus-subnet"
              }
            ],
            "ip_forwarding_enabled": false,
            "location": "westus",
            "mac_address": "60-45-BD-05-42-67",
            "name": "170483226-westus-nic-vm1",
            "private_ip_address": "172.16.100.6",
            "private_ip_addresses": [
              "172.16.100.6"
            ],
            "resource_group_name": "170483226-s24-region1",
            "tags": {},
            "timeouts": null,
            "virtual_machine_id": "/subscriptions/5dea7a5a-782a-496e-a5a1-487c16ba6a34/resourceGroups/170483226-s24-region1/providers/Microsoft.Compute/virtualMachines/170483226-wu1"
          },
          "sensitive_attributes": [],
          "private": "eyJlMmJmYjczMC1lY2FhLTExZTYtOGY4OC0zNDM2M2JjN2M0YzAiOnsiY3JlYXRlIjoxODAwMDAwMDAwMDAwLCJkZWxldGUiOjE4MDAwMDAwMDAwMDAsInJlYWQiOjMwMDAwMDAwMDAwMCwidXBkYXRlIjoxODAwMDAwMDAwMDAwfX0=",
          "dependencies": [
            "azurerm_resource_group.regions",
            "module.vnets.azurerm_subnet.westus_subnet",
            "module.vnets.azurerm_virtual_network.westus_vnet"
          ]
        }
      ]
    },
    {
      "module": "module.vnets",
      "mode": "managed",
      "type": "azurerm_network_interface",
      "name": "westus_nic_vm2",
      "provider": "provider[\"registry.terraform.io/hashicorp/azurerm\"]",
      "instances": [
        {
          "schema_version": 0,
          "attributes": {
            "accelerated_networking_enabled": false,
            "applied_dns_servers": [],
            "auxiliary_mode": "",
            "auxiliary_sku": "",
            "dns_servers": [],
            "edge_zone": "",
            "id": "/subscriptions/5dea7a5a-782a-496e-a5a1-487c16ba6a34/resourceGroups/170483226-s24-region1/providers/Microsoft.Network/networkInterfaces/170483226-westus-nic-vm2",
            "internal_dns_name_label": "",
            "internal_domain_name_suffix": "mqex0elrsspehlewbe2gv2lkjh.dx.internal.cloudapp.net",
            "ip_configuration": [
              {
                "gateway_load_balancer_frontend_ip_configuration_id": "",
                "name": "170483226-wu-ipconfig2",
                "primary": true,
                "private_ip_address": "172.16.100.4",
                "private_ip_address_allocation": "Dynamic",
                "private_ip_address_version": "IPv4",
                "public_ip_address_id": "",
                "subnet_id": "/subscriptions/5dea7a5a-782a-496e-a5a1-487c16ba6a34/resourceGroups/170483226-s24-region1/providers/Microsoft.Network/virtualNetworks/170483226-westus-vnet/subnets/170483226-westus-subnet"
              }
            ],
            "ip_forwarding_enabled": false,
            "location": "westus",
            "mac_address": "00-0D-3A-5B-3C-32",
            "name": "170483226-westus-nic-vm2",
            "private_ip_address": "172.16.100.4",
            "private_ip_addresses": [
              "172.16.100.4"
            ],
            "resource_group_name": "170483226-s24-region1",
            "tags": {},
            "timeouts": null,
            "virtual_machine_id": "/subscriptions/5dea7a5a-782a-496e-a5a1-487c16ba6a34/resourceGroups/170483226-s24-region1/providers/Microsoft.Compute/virtualMachines/170483226-wu2"
          },
          "sensitive_attributes": [],
          "private": "eyJlMmJmYjczMC1lY2FhLTExZTYtOGY4OC0zNDM2M2JjN2M0YzAiOnsiY3JlYXRlIjoxODAwMDAwMDAwMDAwLCJkZWxldGUiOjE4MDAwMDAwMDAwMDAsInJlYWQiOjMwMDAwMDAwMDAwMCwidXBkYXRlIjoxODAwMDAwMDAwMDAwfX0=",
          "dependencies": [
            "azurerm_resource_group.regions",
            "module.vnets.azurerm_subnet.westus_subnet",
            "module.vnets.azurerm_virtual_network.westus_vnet"
          ]
        }
      ]
    },
    {
      "module": "module.vnets",
      "mode": "managed",
      "type": "azurerm_network_interface_security_group_association",
      "name": "westeu_nic_pc2_nsg_ass",
      "provider": "provider[\"registry.terraform.io/hashicorp/azurerm\"]",
      "instances": [
        {
          "schema_version": 0,
          "attributes": {
            "id": "/subscriptions/5dea7a5a-782a-496e-a5a1-487c16ba6a34/resourceGroups/170483226-s24-region2/providers/Microsoft.Network/networkInterfaces/170483226-westeu-nic-pc2|/subscriptions/5dea7a5a-782a-496e-a5a1-487c16ba6a34/resourceGroups/170483226-s24-region2/providers/Microsoft.Network/networkSecurityGroups/170483226-westeu-nsg",
            "network_interface_id": "/subscriptions/5dea7a5a-782a-496e-a5a1-487c16ba6a34/resourceGroups/170483226-s24-region2/providers/Microsoft.Network/networkInterfaces/170483226-westeu-nic-pc2",
            "network_security_group_id": "/subscriptions/5dea7a5a-782a-496e-a5a1-487c16ba6a34/resourceGroups/170483226-s24-region2/providers/Microsoft.Network/networkSecurityGroups/170483226-westeu-nsg",
            "timeouts": null
          },
          "sensitive_attributes": [],
          "private": "eyJlMmJmYjczMC1lY2FhLTExZTYtOGY4OC0zNDM2M2JjN2M0YzAiOnsiY3JlYXRlIjoxODAwMDAwMDAwMDAwLCJkZWxldGUiOjE4MDAwMDAwMDAwMDAsInJlYWQiOjMwMDAwMDAwMDAwMH19",
          "dependencies": [
            "azurerm_resource_group.regions",
            "module.vnets.azurerm_network_interface.westeu_nic_pc2",
            "module.vnets.azurerm_network_security_group.westeu_nsg",
            "module.vnets.azurerm_subnet.westeu_subnet",
            "module.vnets.azurerm_virtual_network.westeurope_vnet"
          ]
        }
      ]
    },
    {
      "module": "module.vnets",
      "mode": "managed",
      "type": "azurerm_network_interface_security_group_association",
      "name": "westeu_nic_vm1_nsg_ass",
      "provider": "provider[\"registry.terraform.io/hashicorp/azurerm\"]",
      "instances": [
        {
          "schema_version": 0,
          "attributes": {
            "id": "/subscriptions/5dea7a5a-782a-496e-a5a1-487c16ba6a34/resourceGroups/170483226-s24-region2/providers/Microsoft.Network/networkInterfaces/170483226-westeu-nic-vm1|/subscriptions/5dea7a5a-782a-496e-a5a1-487c16ba6a34/resourceGroups/170483226-s24-region2/providers/Microsoft.Network/networkSecurityGroups/170483226-westeu-nsg",
            "network_interface_id": "/subscriptions/5dea7a5a-782a-496e-a5a1-487c16ba6a34/resourceGroups/170483226-s24-region2/providers/Microsoft.Network/networkInterfaces/170483226-westeu-nic-vm1",
            "network_security_group_id": "/subscriptions/5dea7a5a-782a-496e-a5a1-487c16ba6a34/resourceGroups/170483226-s24-region2/providers/Microsoft.Network/networkSecurityGroups/170483226-westeu-nsg",
            "timeouts": null
          },
          "sensitive_attributes": [],
          "private": "eyJlMmJmYjczMC1lY2FhLTExZTYtOGY4OC0zNDM2M2JjN2M0YzAiOnsiY3JlYXRlIjoxODAwMDAwMDAwMDAwLCJkZWxldGUiOjE4MDAwMDAwMDAwMDAsInJlYWQiOjMwMDAwMDAwMDAwMH19",
          "dependencies": [
            "azurerm_resource_group.regions",
            "module.vnets.azurerm_network_interface.westeu_nic_vm1",
            "module.vnets.azurerm_network_security_group.westeu_nsg",
            "module.vnets.azurerm_subnet.westeu_subnet",
            "module.vnets.azurerm_virtual_network.westeurope_vnet"
          ]
        }
      ]
    },
    {
      "module": "module.vnets",
      "mode": "managed",
      "type": "azurerm_network_interface_security_group_association",
      "name": "westeu_nic_vm2_nsg_ass",
      "provider": "provider[\"registry.terraform.io/hashicorp/azurerm\"]",
      "instances": [
        {
          "schema_version": 0,
          "attributes": {
            "id": "/subscriptions/5dea7a5a-782a-496e-a5a1-487c16ba6a34/resourceGroups/170483226-s24-region2/providers/Microsoft.Network/networkInterfaces/170483226-westeu-nic-vm2|/subscriptions/5dea7a5a-782a-496e-a5a1-487c16ba6a34/resourceGroups/170483226-s24-region2/providers/Microsoft.Network/networkSecurityGroups/170483226-westeu-nsg",
            "network_interface_id": "/subscriptions/5dea7a5a-782a-496e-a5a1-487c16ba6a34/resourceGroups/170483226-s24-region2/providers/Microsoft.Network/networkInterfaces/170483226-westeu-nic-vm2",
            "network_security_group_id": "/subscriptions/5dea7a5a-782a-496e-a5a1-487c16ba6a34/resourceGroups/170483226-s24-region2/providers/Microsoft.Network/networkSecurityGroups/170483226-westeu-nsg",
            "timeouts": null
          },
          "sensitive_attributes": [],
          "private": "eyJlMmJmYjczMC1lY2FhLTExZTYtOGY4OC0zNDM2M2JjN2M0YzAiOnsiY3JlYXRlIjoxODAwMDAwMDAwMDAwLCJkZWxldGUiOjE4MDAwMDAwMDAwMDAsInJlYWQiOjMwMDAwMDAwMDAwMH19",
          "dependencies": [
            "azurerm_resource_group.regions",
            "module.vnets.azurerm_network_interface.westeu_nic_vm2",
            "module.vnets.azurerm_network_security_group.westeu_nsg",
            "module.vnets.azurerm_subnet.westeu_subnet",
            "module.vnets.azurerm_virtual_network.westeurope_vnet"
          ]
        }
      ]
    },
    {
      "module": "module.vnets",
      "mode": "managed",
      "type": "azurerm_network_interface_security_group_association",
      "name": "westus_nic_pc1_nsg_ass",
      "provider": "provider[\"registry.terraform.io/hashicorp/azurerm\"]",
      "instances": [
        {
          "schema_version": 0,
          "attributes": {
            "id": "/subscriptions/5dea7a5a-782a-496e-a5a1-487c16ba6a34/resourceGroups/170483226-s24-region1/providers/Microsoft.Network/networkInterfaces/170483226-westus-nic-pc1|/subscriptions/5dea7a5a-782a-496e-a5a1-487c16ba6a34/resourceGroups/170483226-s24-region1/providers/Microsoft.Network/networkSecurityGroups/170483226-westus-nsg",
            "network_interface_id": "/subscriptions/5dea7a5a-782a-496e-a5a1-487c16ba6a34/resourceGroups/170483226-s24-region1/providers/Microsoft.Network/networkInterfaces/170483226-westus-nic-pc1",
            "network_security_group_id": "/subscriptions/5dea7a5a-782a-496e-a5a1-487c16ba6a34/resourceGroups/170483226-s24-region1/providers/Microsoft.Network/networkSecurityGroups/170483226-westus-nsg",
            "timeouts": null
          },
          "sensitive_attributes": [],
          "private": "eyJlMmJmYjczMC1lY2FhLTExZTYtOGY4OC0zNDM2M2JjN2M0YzAiOnsiY3JlYXRlIjoxODAwMDAwMDAwMDAwLCJkZWxldGUiOjE4MDAwMDAwMDAwMDAsInJlYWQiOjMwMDAwMDAwMDAwMH19",
          "dependencies": [
            "azurerm_resource_group.regions",
            "module.vnets.azurerm_network_interface.westus_nic_pc1",
            "module.vnets.azurerm_network_security_group.westus_nsg",
            "module.vnets.azurerm_subnet.westus_subnet",
            "module.vnets.azurerm_virtual_network.westus_vnet"
          ]
        }
      ]
    },
    {
      "module": "module.vnets",
      "mode": "managed",
      "type": "azurerm_network_interface_security_group_association",
      "name": "westus_nic_vm1_nsg_ass",
      "provider": "provider[\"registry.terraform.io/hashicorp/azurerm\"]",
      "instances": [
        {
          "schema_version": 0,
          "attributes": {
            "id": "/subscriptions/5dea7a5a-782a-496e-a5a1-487c16ba6a34/resourceGroups/170483226-s24-region1/providers/Microsoft.Network/networkInterfaces/170483226-westus-nic-vm1|/subscriptions/5dea7a5a-782a-496e-a5a1-487c16ba6a34/resourceGroups/170483226-s24-region1/providers/Microsoft.Network/networkSecurityGroups/170483226-westus-nsg",
            "network_interface_id": "/subscriptions/5dea7a5a-782a-496e-a5a1-487c16ba6a34/resourceGroups/170483226-s24-region1/providers/Microsoft.Network/networkInterfaces/170483226-westus-nic-vm1",
            "network_security_group_id": "/subscriptions/5dea7a5a-782a-496e-a5a1-487c16ba6a34/resourceGroups/170483226-s24-region1/providers/Microsoft.Network/networkSecurityGroups/170483226-westus-nsg",
            "timeouts": null
          },
          "sensitive_attributes": [],
          "private": "eyJlMmJmYjczMC1lY2FhLTExZTYtOGY4OC0zNDM2M2JjN2M0YzAiOnsiY3JlYXRlIjoxODAwMDAwMDAwMDAwLCJkZWxldGUiOjE4MDAwMDAwMDAwMDAsInJlYWQiOjMwMDAwMDAwMDAwMH19",
          "dependencies": [
            "azurerm_resource_group.regions",
            "module.vnets.azurerm_network_interface.westus_nic_vm1",
            "module.vnets.azurerm_network_security_group.westus_nsg",
            "module.vnets.azurerm_subnet.westus_subnet",
            "module.vnets.azurerm_virtual_network.westus_vnet"
          ]
        }
      ]
    },
    {
      "module": "module.vnets",
      "mode": "managed",
      "type": "azurerm_network_interface_security_group_association",
      "name": "westus_nic_vm2_nsg_ass",
      "provider": "provider[\"registry.terraform.io/hashicorp/azurerm\"]",
      "instances": [
        {
          "schema_version": 0,
          "attributes": {
            "id": "/subscriptions/5dea7a5a-782a-496e-a5a1-487c16ba6a34/resourceGroups/170483226-s24-region1/providers/Microsoft.Network/networkInterfaces/170483226-westus-nic-vm2|/subscriptions/5dea7a5a-782a-496e-a5a1-487c16ba6a34/resourceGroups/170483226-s24-region1/providers/Microsoft.Network/networkSecurityGroups/170483226-westus-nsg",
            "network_interface_id": "/subscriptions/5dea7a5a-782a-496e-a5a1-487c16ba6a34/resourceGroups/170483226-s24-region1/providers/Microsoft.Network/networkInterfaces/170483226-westus-nic-vm2",
            "network_security_group_id": "/subscriptions/5dea7a5a-782a-496e-a5a1-487c16ba6a34/resourceGroups/170483226-s24-region1/providers/Microsoft.Network/networkSecurityGroups/170483226-westus-nsg",
            "timeouts": null
          },
          "sensitive_attributes": [],
          "private": "eyJlMmJmYjczMC1lY2FhLTExZTYtOGY4OC0zNDM2M2JjN2M0YzAiOnsiY3JlYXRlIjoxODAwMDAwMDAwMDAwLCJkZWxldGUiOjE4MDAwMDAwMDAwMDAsInJlYWQiOjMwMDAwMDAwMDAwMH19",
          "dependencies": [
            "azurerm_resource_group.regions",
            "module.vnets.azurerm_network_interface.westus_nic_vm2",
            "module.vnets.azurerm_network_security_group.westus_nsg",
            "module.vnets.azurerm_subnet.westus_subnet",
            "module.vnets.azurerm_virtual_network.westus_vnet"
          ]
        }
      ]
    },
    {
      "module": "module.vnets",
      "mode": "managed",
      "type": "azurerm_network_security_group",
      "name": "westeu_nsg",
      "provider": "provider[\"registry.terraform.io/hashicorp/azurerm\"]",
      "instances": [
        {
          "schema_version": 0,
          "attributes": {
            "id": "/subscriptions/5dea7a5a-782a-496e-a5a1-487c16ba6a34/resourceGroups/170483226-s24-region2/providers/Microsoft.Network/networkSecurityGroups/170483226-westeu-nsg",
            "location": "westeurope",
            "name": "170483226-westeu-nsg",
            "resource_group_name": "170483226-s24-region2",
            "security_rule": [
              {
                "access": "Allow",
                "description": "",
                "destination_address_prefix": "*",
                "destination_address_prefixes": [],
                "destination_application_security_group_ids": [],
                "destination_port_range": "3389",
                "destination_port_ranges": [],
                "direction": "Inbound",
                "name": "RDP",
                "priority": 1000,
                "protocol": "*",
                "source_address_prefix": "*",
                "source_address_prefixes": [],
                "source_application_security_group_ids": [],
                "source_port_range": "*",
                "source_port_ranges": []
              },
              {
                "access": "Allow",
                "description": "",
                "destination_address_prefix": "*",
                "destination_address_prefixes": [],
                "destination_application_security_group_ids": [],
                "destination_port_range": "80",
                "destination_port_ranges": [],
                "direction": "Inbound",
                "name": "web",
                "priority": 1001,
                "protocol": "Tcp",
                "source_address_prefix": "*",
                "source_address_prefixes": [],
                "source_application_security_group_ids": [],
                "source_port_range": "*",
                "source_port_ranges": []
              }
            ],
            "tags": {},
            "timeouts": null
          },
          "sensitive_attributes": [],
          "private": "eyJlMmJmYjczMC1lY2FhLTExZTYtOGY4OC0zNDM2M2JjN2M0YzAiOnsiY3JlYXRlIjoxODAwMDAwMDAwMDAwLCJkZWxldGUiOjE4MDAwMDAwMDAwMDAsInJlYWQiOjMwMDAwMDAwMDAwMCwidXBkYXRlIjoxODAwMDAwMDAwMDAwfX0=",
          "dependencies": [
            "azurerm_resource_group.regions"
          ]
        }
      ]
    },
    {
      "module": "module.vnets",
      "mode": "managed",
      "type": "azurerm_network_security_group",
      "name": "westus_nsg",
      "provider": "provider[\"registry.terraform.io/hashicorp/azurerm\"]",
      "instances": [
        {
          "schema_version": 0,
          "attributes": {
            "id": "/subscriptions/5dea7a5a-782a-496e-a5a1-487c16ba6a34/resourceGroups/170483226-s24-region1/providers/Microsoft.Network/networkSecurityGroups/170483226-westus-nsg",
            "location": "westus",
            "name": "170483226-westus-nsg",
            "resource_group_name": "170483226-s24-region1",
            "security_rule": [
              {
                "access": "Allow",
                "description": "",
                "destination_address_prefix": "*",
                "destination_address_prefixes": [],
                "destination_application_security_group_ids": [],
                "destination_port_range": "3389",
                "destination_port_ranges": [],
                "direction": "Inbound",
                "name": "RDP",
                "priority": 1000,
                "protocol": "*",
                "source_address_prefix": "*",
                "source_address_prefixes": [],
                "source_application_security_group_ids": [],
                "source_port_range": "*",
                "source_port_ranges": []
              },
              {
                "access": "Allow",
                "description": "",
                "destination_address_prefix": "*",
                "destination_address_prefixes": [],
                "destination_application_security_group_ids": [],
                "destination_port_range": "80",
                "destination_port_ranges": [],
                "direction": "Inbound",
                "name": "web",
                "priority": 1001,
                "protocol": "Tcp",
                "source_address_prefix": "*",
                "source_address_prefixes": [],
                "source_application_security_group_ids": [],
                "source_port_range": "*",
                "source_port_ranges": []
              }
            ],
            "tags": {},
            "timeouts": null
          },
          "sensitive_attributes": [],
          "private": "eyJlMmJmYjczMC1lY2FhLTExZTYtOGY4OC0zNDM2M2JjN2M0YzAiOnsiY3JlYXRlIjoxODAwMDAwMDAwMDAwLCJkZWxldGUiOjE4MDAwMDAwMDAwMDAsInJlYWQiOjMwMDAwMDAwMDAwMCwidXBkYXRlIjoxODAwMDAwMDAwMDAwfX0=",
          "dependencies": [
            "azurerm_resource_group.regions"
          ]
        }
      ]
    },
    {
      "module": "module.vnets",
      "mode": "managed",
      "type": "azurerm_public_ip",
      "name": "bastion_ip_westeurope",
      "provider": "provider[\"registry.terraform.io/hashicorp/azurerm\"]",
      "instances": [
        {
          "schema_version": 0,
          "attributes": {
            "allocation_method": "Static",
            "ddos_protection_mode": "VirtualNetworkInherited",
            "ddos_protection_plan_id": null,
            "domain_name_label": null,
            "edge_zone": "",
            "fqdn": null,
            "id": "/subscriptions/5dea7a5a-782a-496e-a5a1-487c16ba6a34/resourceGroups/170483226-s24-region2/providers/Microsoft.Network/publicIPAddresses/westeurope-bastion-pip",
            "idle_timeout_in_minutes": 4,
            "ip_address": "40.91.221.156",
            "ip_tags": {},
            "ip_version": "IPv4",
            "location": "westeurope",
            "name": "westeurope-bastion-pip",
            "public_ip_prefix_id": null,
            "resource_group_name": "170483226-s24-region2",
            "reverse_fqdn": null,
            "sku": "Standard",
            "sku_tier": "Regional",
            "tags": {},
            "timeouts": null,
            "zones": []
          },
          "sensitive_attributes": [],
          "private": "eyJlMmJmYjczMC1lY2FhLTExZTYtOGY4OC0zNDM2M2JjN2M0YzAiOnsiY3JlYXRlIjoxODAwMDAwMDAwMDAwLCJkZWxldGUiOjE4MDAwMDAwMDAwMDAsInJlYWQiOjMwMDAwMDAwMDAwMCwidXBkYXRlIjoxODAwMDAwMDAwMDAwfX0=",
          "dependencies": [
            "azurerm_resource_group.regions"
          ]
        }
      ]
    },
    {
      "module": "module.vnets",
      "mode": "managed",
      "type": "azurerm_public_ip",
      "name": "bastion_ip_westus",
      "provider": "provider[\"registry.terraform.io/hashicorp/azurerm\"]",
      "instances": [
        {
          "schema_version": 0,
          "attributes": {
            "allocation_method": "Static",
            "ddos_protection_mode": "VirtualNetworkInherited",
            "ddos_protection_plan_id": null,
            "domain_name_label": null,
            "edge_zone": "",
            "fqdn": null,
            "id": "/subscriptions/5dea7a5a-782a-496e-a5a1-487c16ba6a34/resourceGroups/170483226-s24-region1/providers/Microsoft.Network/publicIPAddresses/westus-bastion-pip",
            "idle_timeout_in_minutes": 4,
            "ip_address": "13.91.33.75",
            "ip_tags": {},
            "ip_version": "IPv4",
            "location": "westus",
            "name": "westus-bastion-pip",
            "public_ip_prefix_id": null,
            "resource_group_name": "170483226-s24-region1",
            "reverse_fqdn": null,
            "sku": "Standard",
            "sku_tier": "Regional",
            "tags": {},
            "timeouts": null,
            "zones": []
          },
          "sensitive_attributes": [],
          "private": "eyJlMmJmYjczMC1lY2FhLTExZTYtOGY4OC0zNDM2M2JjN2M0YzAiOnsiY3JlYXRlIjoxODAwMDAwMDAwMDAwLCJkZWxldGUiOjE4MDAwMDAwMDAwMDAsInJlYWQiOjMwMDAwMDAwMDAwMCwidXBkYXRlIjoxODAwMDAwMDAwMDAwfX0=",
          "dependencies": [
            "azurerm_resource_group.regions"
          ]
        }
      ]
    },
    {
      "module": "module.vnets",
      "mode": "managed",
      "type": "azurerm_subnet",
      "name": "westeu_ag_subnet",
      "provider": "provider[\"registry.terraform.io/hashicorp/azurerm\"]",
      "instances": [
        {
          "schema_version": 0,
          "attributes": {
            "address_prefixes": [
              "172.16.100.80/28"
            ],
            "default_outbound_access_enabled": true,
            "delegation": [],
            "id": "/subscriptions/5dea7a5a-782a-496e-a5a1-487c16ba6a34/resourceGroups/170483226-s24-region2/providers/Microsoft.Network/virtualNetworks/170483226-westeurope-vnet/subnets/170483226-westeu-ag-subnet",
            "name": "170483226-westeu-ag-subnet",
            "private_endpoint_network_policies": "Disabled",
            "private_link_service_network_policies_enabled": true,
            "resource_group_name": "170483226-s24-region2",
            "service_endpoint_policy_ids": [],
            "service_endpoints": [],
            "timeouts": null,
            "virtual_network_name": "170483226-westeurope-vnet"
          },
          "sensitive_attributes": [],
          "private": "eyJlMmJmYjczMC1lY2FhLTExZTYtOGY4OC0zNDM2M2JjN2M0YzAiOnsiY3JlYXRlIjoxODAwMDAwMDAwMDAwLCJkZWxldGUiOjE4MDAwMDAwMDAwMDAsInJlYWQiOjMwMDAwMDAwMDAwMCwidXBkYXRlIjoxODAwMDAwMDAwMDAwfX0=",
          "dependencies": [
            "azurerm_resource_group.regions",
            "module.vnets.azurerm_virtual_network.westeurope_vnet"
          ]
        }
      ]
    },
    {
      "module": "module.vnets",
      "mode": "managed",
      "type": "azurerm_subnet",
      "name": "westeu_bastion_subnet",
      "provider": "provider[\"registry.terraform.io/hashicorp/azurerm\"]",
      "instances": [
        {
          "schema_version": 0,
          "attributes": {
            "address_prefixes": [
              "172.16.100.64/28"
            ],
            "default_outbound_access_enabled": true,
            "delegation": [],
            "id": "/subscriptions/5dea7a5a-782a-496e-a5a1-487c16ba6a34/resourceGroups/170483226-s24-region2/providers/Microsoft.Network/virtualNetworks/170483226-westeurope-vnet/subnets/AzureBastionSubnet",
            "name": "AzureBastionSubnet",
            "private_endpoint_network_policies": "Disabled",
            "private_link_service_network_policies_enabled": true,
            "resource_group_name": "170483226-s24-region2",
            "service_endpoint_policy_ids": [],
            "service_endpoints": [],
            "timeouts": null,
            "virtual_network_name": "170483226-westeurope-vnet"
          },
          "sensitive_attributes": [],
          "private": "eyJlMmJmYjczMC1lY2FhLTExZTYtOGY4OC0zNDM2M2JjN2M0YzAiOnsiY3JlYXRlIjoxODAwMDAwMDAwMDAwLCJkZWxldGUiOjE4MDAwMDAwMDAwMDAsInJlYWQiOjMwMDAwMDAwMDAwMCwidXBkYXRlIjoxODAwMDAwMDAwMDAwfX0=",
          "dependencies": [
            "azurerm_resource_group.regions",
            "module.vnets.azurerm_virtual_network.westeurope_vnet"
          ]
        }
      ]
    },
    {
      "module": "module.vnets",
      "mode": "managed",
      "type": "azurerm_subnet",
      "name": "westeu_subnet",
      "provider": "provider[\"registry.terraform.io/hashicorp/azurerm\"]",
      "instances": [
        {
          "schema_version": 0,
          "attributes": {
            "address_prefixes": [
              "172.16.100.48/28"
            ],
            "default_outbound_access_enabled": true,
            "delegation": [],
            "id": "/subscriptions/5dea7a5a-782a-496e-a5a1-487c16ba6a34/resourceGroups/170483226-s24-region2/providers/Microsoft.Network/virtualNetworks/170483226-westeurope-vnet/subnets/170483226-westeu-subnet",
            "name": "170483226-westeu-subnet",
            "private_endpoint_network_policies": "Disabled",
            "private_link_service_network_policies_enabled": true,
            "resource_group_name": "170483226-s24-region2",
            "service_endpoint_policy_ids": [],
            "service_endpoints": [],
            "timeouts": null,
            "virtual_network_name": "170483226-westeurope-vnet"
          },
          "sensitive_attributes": [],
          "private": "eyJlMmJmYjczMC1lY2FhLTExZTYtOGY4OC0zNDM2M2JjN2M0YzAiOnsiY3JlYXRlIjoxODAwMDAwMDAwMDAwLCJkZWxldGUiOjE4MDAwMDAwMDAwMDAsInJlYWQiOjMwMDAwMDAwMDAwMCwidXBkYXRlIjoxODAwMDAwMDAwMDAwfX0=",
          "dependencies": [
            "azurerm_resource_group.regions",
            "module.vnets.azurerm_virtual_network.westeurope_vnet"
          ]
        }
      ]
    },
    {
      "module": "module.vnets",
      "mode": "managed",
      "type": "azurerm_subnet",
      "name": "westus_ag_subnet",
      "provider": "provider[\"registry.terraform.io/hashicorp/azurerm\"]",
      "instances": [
        {
          "schema_version": 0,
          "attributes": {
            "address_prefixes": [
              "172.16.100.32/28"
            ],
            "default_outbound_access_enabled": true,
            "delegation": [],
            "id": "/subscriptions/5dea7a5a-782a-496e-a5a1-487c16ba6a34/resourceGroups/170483226-s24-region1/providers/Microsoft.Network/virtualNetworks/170483226-westus-vnet/subnets/170483226-westus-ag-subnet",
            "name": "170483226-westus-ag-subnet",
            "private_endpoint_network_policies": "Disabled",
            "private_link_service_network_policies_enabled": true,
            "resource_group_name": "170483226-s24-region1",
            "service_endpoint_policy_ids": [],
            "service_endpoints": [],
            "timeouts": null,
            "virtual_network_name": "170483226-westus-vnet"
          },
          "sensitive_attributes": [],
          "private": "eyJlMmJmYjczMC1lY2FhLTExZTYtOGY4OC0zNDM2M2JjN2M0YzAiOnsiY3JlYXRlIjoxODAwMDAwMDAwMDAwLCJkZWxldGUiOjE4MDAwMDAwMDAwMDAsInJlYWQiOjMwMDAwMDAwMDAwMCwidXBkYXRlIjoxODAwMDAwMDAwMDAwfX0=",
          "dependencies": [
            "azurerm_resource_group.regions",
            "module.vnets.azurerm_virtual_network.westus_vnet"
          ]
        }
      ]
    },
    {
      "module": "module.vnets",
      "mode": "managed",
      "type": "azurerm_subnet",
      "name": "westus_bastion_subnet",
      "provider": "provider[\"registry.terraform.io/hashicorp/azurerm\"]",
      "instances": [
        {
          "schema_version": 0,
          "attributes": {
            "address_prefixes": [
              "172.16.100.16/28"
            ],
            "default_outbound_access_enabled": true,
            "delegation": [],
            "id": "/subscriptions/5dea7a5a-782a-496e-a5a1-487c16ba6a34/resourceGroups/170483226-s24-region1/providers/Microsoft.Network/virtualNetworks/170483226-westus-vnet/subnets/AzureBastionSubnet",
            "name": "AzureBastionSubnet",
            "private_endpoint_network_policies": "Disabled",
            "private_link_service_network_policies_enabled": true,
            "resource_group_name": "170483226-s24-region1",
            "service_endpoint_policy_ids": [],
            "service_endpoints": [],
            "timeouts": null,
            "virtual_network_name": "170483226-westus-vnet"
          },
          "sensitive_attributes": [],
          "private": "eyJlMmJmYjczMC1lY2FhLTExZTYtOGY4OC0zNDM2M2JjN2M0YzAiOnsiY3JlYXRlIjoxODAwMDAwMDAwMDAwLCJkZWxldGUiOjE4MDAwMDAwMDAwMDAsInJlYWQiOjMwMDAwMDAwMDAwMCwidXBkYXRlIjoxODAwMDAwMDAwMDAwfX0=",
          "dependencies": [
            "azurerm_resource_group.regions",
            "module.vnets.azurerm_virtual_network.westus_vnet"
          ]
        }
      ]
    },
    {
      "module": "module.vnets",
      "mode": "managed",
      "type": "azurerm_subnet",
      "name": "westus_subnet",
      "provider": "provider[\"registry.terraform.io/hashicorp/azurerm\"]",
      "instances": [
        {
          "schema_version": 0,
          "attributes": {
            "address_prefixes": [
              "172.16.100.0/28"
            ],
            "default_outbound_access_enabled": true,
            "delegation": [],
            "id": "/subscriptions/5dea7a5a-782a-496e-a5a1-487c16ba6a34/resourceGroups/170483226-s24-region1/providers/Microsoft.Network/virtualNetworks/170483226-westus-vnet/subnets/170483226-westus-subnet",
            "name": "170483226-westus-subnet",
            "private_endpoint_network_policies": "Disabled",
            "private_link_service_network_policies_enabled": true,
            "resource_group_name": "170483226-s24-region1",
            "service_endpoint_policy_ids": [],
            "service_endpoints": [],
            "timeouts": null,
            "virtual_network_name": "170483226-westus-vnet"
          },
          "sensitive_attributes": [],
          "private": "eyJlMmJmYjczMC1lY2FhLTExZTYtOGY4OC0zNDM2M2JjN2M0YzAiOnsiY3JlYXRlIjoxODAwMDAwMDAwMDAwLCJkZWxldGUiOjE4MDAwMDAwMDAwMDAsInJlYWQiOjMwMDAwMDAwMDAwMCwidXBkYXRlIjoxODAwMDAwMDAwMDAwfX0=",
          "dependencies": [
            "azurerm_resource_group.regions",
            "module.vnets.azurerm_virtual_network.westus_vnet"
          ]
        }
      ]
    },
    {
      "module": "module.vnets",
      "mode": "managed",
      "type": "azurerm_virtual_network",
      "name": "westeurope_vnet",
      "provider": "provider[\"registry.terraform.io/hashicorp/azurerm\"]",
      "instances": [
        {
          "schema_version": 0,
          "attributes": {
            "address_space": [
              "172.16.100.0/24"
            ],
            "bgp_community": "",
            "ddos_protection_plan": [],
            "dns_servers": [],
            "edge_zone": "",
            "encryption": [],
            "flow_timeout_in_minutes": 0,
            "guid": "73f1468e-1351-4d2a-b1b4-4fb59a650ac2",
            "id": "/subscriptions/5dea7a5a-782a-496e-a5a1-487c16ba6a34/resourceGroups/170483226-s24-region2/providers/Microsoft.Network/virtualNetworks/170483226-westeurope-vnet",
            "location": "westeurope",
            "name": "170483226-westeurope-vnet",
            "resource_group_name": "170483226-s24-region2",
            "subnet": [
              {
                "address_prefixes": [
                  "172.16.100.48/28"
                ],
                "default_outbound_access_enabled": true,
                "delegation": [],
                "id": "/subscriptions/5dea7a5a-782a-496e-a5a1-487c16ba6a34/resourceGroups/170483226-s24-region2/providers/Microsoft.Network/virtualNetworks/170483226-westeurope-vnet/subnets/170483226-westeu-subnet",
                "name": "170483226-westeu-subnet",
                "private_endpoint_network_policies": "Disabled",
                "private_link_service_network_policies_enabled": true,
                "route_table_id": "",
                "security_group": "",
                "service_endpoint_policy_ids": [],
                "service_endpoints": []
              },
              {
                "address_prefixes": [
                  "172.16.100.64/28"
                ],
                "default_outbound_access_enabled": true,
                "delegation": [],
                "id": "/subscriptions/5dea7a5a-782a-496e-a5a1-487c16ba6a34/resourceGroups/170483226-s24-region2/providers/Microsoft.Network/virtualNetworks/170483226-westeurope-vnet/subnets/AzureBastionSubnet",
                "name": "AzureBastionSubnet",
                "private_endpoint_network_policies": "Disabled",
                "private_link_service_network_policies_enabled": true,
                "route_table_id": "",
                "security_group": "",
                "service_endpoint_policy_ids": [],
                "service_endpoints": []
              },
              {
                "address_prefixes": [
                  "172.16.100.80/28"
                ],
                "default_outbound_access_enabled": true,
                "delegation": [],
                "id": "/subscriptions/5dea7a5a-782a-496e-a5a1-487c16ba6a34/resourceGroups/170483226-s24-region2/providers/Microsoft.Network/virtualNetworks/170483226-westeurope-vnet/subnets/170483226-westeu-ag-subnet",
                "name": "170483226-westeu-ag-subnet",
                "private_endpoint_network_policies": "Disabled",
                "private_link_service_network_policies_enabled": true,
                "route_table_id": "",
                "security_group": "",
                "service_endpoint_policy_ids": [],
                "service_endpoints": []
              }
            ],
            "tags": {},
            "timeouts": null
          },
          "sensitive_attributes": [],
          "private": "eyJlMmJmYjczMC1lY2FhLTExZTYtOGY4OC0zNDM2M2JjN2M0YzAiOnsiY3JlYXRlIjoxODAwMDAwMDAwMDAwLCJkZWxldGUiOjE4MDAwMDAwMDAwMDAsInJlYWQiOjMwMDAwMDAwMDAwMCwidXBkYXRlIjoxODAwMDAwMDAwMDAwfX0=",
          "dependencies": [
            "azurerm_resource_group.regions"
          ]
        }
      ]
    },
    {
      "module": "module.vnets",
      "mode": "managed",
      "type": "azurerm_virtual_network",
      "name": "westus_vnet",
      "provider": "provider[\"registry.terraform.io/hashicorp/azurerm\"]",
      "instances": [
        {
          "schema_version": 0,
          "attributes": {
            "address_space": [
              "172.16.100.0/24"
            ],
            "bgp_community": "",
            "ddos_protection_plan": [],
            "dns_servers": [],
            "edge_zone": "",
            "encryption": [],
            "flow_timeout_in_minutes": 0,
            "guid": "117d0964-9471-439e-ac96-09386af16a4f",
            "id": "/subscriptions/5dea7a5a-782a-496e-a5a1-487c16ba6a34/resourceGroups/170483226-s24-region1/providers/Microsoft.Network/virtualNetworks/170483226-westus-vnet",
            "location": "westus",
            "name": "170483226-westus-vnet",
            "resource_group_name": "170483226-s24-region1",
            "subnet": [
              {
                "address_prefixes": [
                  "172.16.100.0/28"
                ],
                "default_outbound_access_enabled": true,
                "delegation": [],
                "id": "/subscriptions/5dea7a5a-782a-496e-a5a1-487c16ba6a34/resourceGroups/170483226-s24-region1/providers/Microsoft.Network/virtualNetworks/170483226-westus-vnet/subnets/170483226-westus-subnet",
                "name": "170483226-westus-subnet",
                "private_endpoint_network_policies": "Disabled",
                "private_link_service_network_policies_enabled": true,
                "route_table_id": "",
                "security_group": "",
                "service_endpoint_policy_ids": [],
                "service_endpoints": []
              },
              {
                "address_prefixes": [
                  "172.16.100.16/28"
                ],
                "default_outbound_access_enabled": true,
                "delegation": [],
                "id": "/subscriptions/5dea7a5a-782a-496e-a5a1-487c16ba6a34/resourceGroups/170483226-s24-region1/providers/Microsoft.Network/virtualNetworks/170483226-westus-vnet/subnets/AzureBastionSubnet",
                "name": "AzureBastionSubnet",
                "private_endpoint_network_policies": "Disabled",
                "private_link_service_network_policies_enabled": true,
                "route_table_id": "",
                "security_group": "",
                "service_endpoint_policy_ids": [],
                "service_endpoints": []
              },
              {
                "address_prefixes": [
                  "172.16.100.32/28"
                ],
                "default_outbound_access_enabled": true,
                "delegation": [],
                "id": "/subscriptions/5dea7a5a-782a-496e-a5a1-487c16ba6a34/resourceGroups/170483226-s24-region1/providers/Microsoft.Network/virtualNetworks/170483226-westus-vnet/subnets/170483226-westus-ag-subnet",
                "name": "170483226-westus-ag-subnet",
                "private_endpoint_network_policies": "Disabled",
                "private_link_service_network_policies_enabled": true,
                "route_table_id": "",
                "security_group": "",
                "service_endpoint_policy_ids": [],
                "service_endpoints": []
              }
            ],
            "tags": {},
            "timeouts": null
          },
          "sensitive_attributes": [],
          "private": "eyJlMmJmYjczMC1lY2FhLTExZTYtOGY4OC0zNDM2M2JjN2M0YzAiOnsiY3JlYXRlIjoxODAwMDAwMDAwMDAwLCJkZWxldGUiOjE4MDAwMDAwMDAwMDAsInJlYWQiOjMwMDAwMDAwMDAwMCwidXBkYXRlIjoxODAwMDAwMDAwMDAwfX0=",
          "dependencies": [
            "azurerm_resource_group.regions"
          ]
        }
      ]
    }
  ],
  "check_results": null
}
